// !$*UTF8*$!
{
	archiveVersion = 1;
	classes = {
	};
	objectVersion = 45;
	objects = {

/* Begin PBXBuildFile section */
		1D3623260D0F684500981E51 /* Emo_iOSAppDelegate.m in Sources */ = {isa = PBXBuildFile; fileRef = 1D3623250D0F684500981E51 /* Emo_iOSAppDelegate.m */; };
		1D60589B0D05DD56006BFB54 /* main.m in Sources */ = {isa = PBXBuildFile; fileRef = 29B97316FDCFA39411CA2CEA /* main.m */; };
		1D60589F0D05DD5A006BFB54 /* Foundation.framework in Frameworks */ = {isa = PBXBuildFile; fileRef = 1D30AB110D05D00D00671497 /* Foundation.framework */; };
		1DF5F4E00D08C38300B7A737 /* UIKit.framework in Frameworks */ = {isa = PBXBuildFile; fileRef = 1DF5F4DF0D08C38300B7A737 /* UIKit.framework */; };
		28FD15000DC6FC520079059D /* OpenGLES.framework in Frameworks */ = {isa = PBXBuildFile; fileRef = 28FD14FF0DC6FC520079059D /* OpenGLES.framework */; };
		28FD15080DC6FC5B0079059D /* QuartzCore.framework in Frameworks */ = {isa = PBXBuildFile; fileRef = 28FD15070DC6FC5B0079059D /* QuartzCore.framework */; };
		F937BBB11331890D00DCE63B /* EmoEngine.m in Sources */ = {isa = PBXBuildFile; fileRef = F937BBAE1331890D00DCE63B /* EmoEngine.m */; };
		F937BBB21331890D00DCE63B /* sqfunc.m in Sources */ = {isa = PBXBuildFile; fileRef = F937BBB01331890D00DCE63B /* sqfunc.m */; };
		F937BBE41331891900DCE63B /* sqstdaux.cpp in Sources */ = {isa = PBXBuildFile; fileRef = F937BBBD1331891900DCE63B /* sqstdaux.cpp */; };
		F937BBE51331891900DCE63B /* sqstdblob.cpp in Sources */ = {isa = PBXBuildFile; fileRef = F937BBBE1331891900DCE63B /* sqstdblob.cpp */; };
		F937BBE61331891900DCE63B /* sqstdio.cpp in Sources */ = {isa = PBXBuildFile; fileRef = F937BBC01331891900DCE63B /* sqstdio.cpp */; };
		F937BBE71331891900DCE63B /* sqstdmath.cpp in Sources */ = {isa = PBXBuildFile; fileRef = F937BBC11331891900DCE63B /* sqstdmath.cpp */; };
		F937BBE81331891900DCE63B /* sqstdrex.cpp in Sources */ = {isa = PBXBuildFile; fileRef = F937BBC21331891900DCE63B /* sqstdrex.cpp */; };
		F937BBE91331891900DCE63B /* sqstdstream.cpp in Sources */ = {isa = PBXBuildFile; fileRef = F937BBC31331891900DCE63B /* sqstdstream.cpp */; };
		F937BBEA1331891900DCE63B /* sqstdstring.cpp in Sources */ = {isa = PBXBuildFile; fileRef = F937BBC51331891900DCE63B /* sqstdstring.cpp */; };
		F937BBEB1331891900DCE63B /* sqstdsystem.cpp in Sources */ = {isa = PBXBuildFile; fileRef = F937BBC61331891900DCE63B /* sqstdsystem.cpp */; };
		F937BBEC1331891900DCE63B /* sqapi.cpp in Sources */ = {isa = PBXBuildFile; fileRef = F937BBC81331891900DCE63B /* sqapi.cpp */; };
		F937BBED1331891900DCE63B /* sqbaselib.cpp in Sources */ = {isa = PBXBuildFile; fileRef = F937BBCA1331891900DCE63B /* sqbaselib.cpp */; };
		F937BBEE1331891900DCE63B /* sqclass.cpp in Sources */ = {isa = PBXBuildFile; fileRef = F937BBCB1331891900DCE63B /* sqclass.cpp */; };
		F937BBEF1331891900DCE63B /* sqcompiler.cpp in Sources */ = {isa = PBXBuildFile; fileRef = F937BBCE1331891900DCE63B /* sqcompiler.cpp */; };
		F937BBF01331891900DCE63B /* sqdebug.cpp in Sources */ = {isa = PBXBuildFile; fileRef = F937BBD01331891900DCE63B /* sqdebug.cpp */; };
		F937BBF11331891900DCE63B /* sqfuncstate.cpp in Sources */ = {isa = PBXBuildFile; fileRef = F937BBD21331891900DCE63B /* sqfuncstate.cpp */; };
		F937BBF21331891900DCE63B /* sqlexer.cpp in Sources */ = {isa = PBXBuildFile; fileRef = F937BBD41331891900DCE63B /* sqlexer.cpp */; };
		F937BBF31331891900DCE63B /* sqmem.cpp in Sources */ = {isa = PBXBuildFile; fileRef = F937BBD61331891900DCE63B /* sqmem.cpp */; };
		F937BBF41331891900DCE63B /* sqobject.cpp in Sources */ = {isa = PBXBuildFile; fileRef = F937BBD71331891900DCE63B /* sqobject.cpp */; };
		F937BBF51331891900DCE63B /* sqstate.cpp in Sources */ = {isa = PBXBuildFile; fileRef = F937BBDB1331891900DCE63B /* sqstate.cpp */; };
		F937BBF61331891900DCE63B /* sqtable.cpp in Sources */ = {isa = PBXBuildFile; fileRef = F937BBDE1331891900DCE63B /* sqtable.cpp */; };
		F937BBF71331891900DCE63B /* sqvm.cpp in Sources */ = {isa = PBXBuildFile; fileRef = F937BBE21331891900DCE63B /* sqvm.cpp */; };
		F937BBFE1331898800DCE63B /* emomain.nut in Resources */ = {isa = PBXBuildFile; fileRef = F937BBFD1331898800DCE63B /* emomain.nut */; };
		F94593DA1331935E00290114 /* EmoView.m in Sources */ = {isa = PBXBuildFile; fileRef = F94593D91331935E00290114 /* EmoView.m */; };
		F94594221331975600290114 /* EmoViewController.m in Sources */ = {isa = PBXBuildFile; fileRef = F94594211331975600290114 /* EmoViewController.m */; };
		F9C849D0133E09EB0095EA37 /* EmoDrawable.m in Sources */ = {isa = PBXBuildFile; fileRef = F9C849CF133E09EB0095EA37 /* EmoDrawable.m */; };
		F9C849D3133E0A180095EA37 /* EmoFunc.m in Sources */ = {isa = PBXBuildFile; fileRef = F9C849D2133E0A180095EA37 /* EmoFunc.m */; };
		F9D17BEC133B0F7B00F577C4 /* emoruntime.nut in Resources */ = {isa = PBXBuildFile; fileRef = F9D17BEB133B0F7B00F577C4 /* emoruntime.nut */; };
/* End PBXBuildFile section */

/* Begin PBXFileReference section */
		1D30AB110D05D00D00671497 /* Foundation.framework */ = {isa = PBXFileReference; lastKnownFileType = wrapper.framework; name = Foundation.framework; path = System/Library/Frameworks/Foundation.framework; sourceTree = SDKROOT; };
		1D3623240D0F684500981E51 /* Emo_iOSAppDelegate.h */ = {isa = PBXFileReference; fileEncoding = 4; lastKnownFileType = sourcecode.c.h; path = Emo_iOSAppDelegate.h; sourceTree = "<group>"; };
		1D3623250D0F684500981E51 /* Emo_iOSAppDelegate.m */ = {isa = PBXFileReference; fileEncoding = 4; lastKnownFileType = sourcecode.c.objc; path = Emo_iOSAppDelegate.m; sourceTree = "<group>"; };
		1D6058910D05DD3D006BFB54 /* Emo-iOS.app */ = {isa = PBXFileReference; explicitFileType = wrapper.application; includeInIndex = 0; path = "Emo-iOS.app"; sourceTree = BUILT_PRODUCTS_DIR; };
		1DF5F4DF0D08C38300B7A737 /* UIKit.framework */ = {isa = PBXFileReference; lastKnownFileType = wrapper.framework; name = UIKit.framework; path = System/Library/Frameworks/UIKit.framework; sourceTree = SDKROOT; };
		28FD14FF0DC6FC520079059D /* OpenGLES.framework */ = {isa = PBXFileReference; lastKnownFileType = wrapper.framework; name = OpenGLES.framework; path = System/Library/Frameworks/OpenGLES.framework; sourceTree = SDKROOT; };
		28FD15070DC6FC5B0079059D /* QuartzCore.framework */ = {isa = PBXFileReference; lastKnownFileType = wrapper.framework; name = QuartzCore.framework; path = System/Library/Frameworks/QuartzCore.framework; sourceTree = SDKROOT; };
		29B97316FDCFA39411CA2CEA /* main.m */ = {isa = PBXFileReference; fileEncoding = 4; lastKnownFileType = sourcecode.c.objc; path = main.m; sourceTree = "<group>"; };
		32CA4F630368D1EE00C91783 /* Emo_iOS_Prefix.pch */ = {isa = PBXFileReference; fileEncoding = 4; lastKnownFileType = sourcecode.c.h; path = Emo_iOS_Prefix.pch; sourceTree = "<group>"; };
		8D1107310486CEB800E47090 /* Emo_iOS-Info.plist */ = {isa = PBXFileReference; fileEncoding = 4; lastKnownFileType = text.plist.xml; path = "Emo_iOS-Info.plist"; plistStructureDefinitionIdentifier = "com.apple.xcode.plist.structure-definition.iphone.info-plist"; sourceTree = "<group>"; };
		F937BBAC1331890D00DCE63B /* common.h */ = {isa = PBXFileReference; fileEncoding = 4; lastKnownFileType = sourcecode.c.h; path = common.h; sourceTree = "<group>"; };
		F937BBAD1331890D00DCE63B /* EmoEngine.h */ = {isa = PBXFileReference; fileEncoding = 4; lastKnownFileType = sourcecode.c.h; path = EmoEngine.h; sourceTree = "<group>"; };
		F937BBAE1331890D00DCE63B /* EmoEngine.m */ = {isa = PBXFileReference; fileEncoding = 4; lastKnownFileType = sourcecode.c.objc; path = EmoEngine.m; sourceTree = "<group>"; };
		F937BBAF1331890D00DCE63B /* sqfunc.h */ = {isa = PBXFileReference; fileEncoding = 4; lastKnownFileType = sourcecode.c.h; path = sqfunc.h; sourceTree = "<group>"; };
		F937BBB01331890D00DCE63B /* sqfunc.m */ = {isa = PBXFileReference; fileEncoding = 4; lastKnownFileType = sourcecode.c.objc; path = sqfunc.m; sourceTree = "<group>"; };
		F937BBB51331891900DCE63B /* sqstdaux.h */ = {isa = PBXFileReference; fileEncoding = 4; lastKnownFileType = sourcecode.c.h; path = sqstdaux.h; sourceTree = "<group>"; };
		F937BBB61331891900DCE63B /* sqstdblob.h */ = {isa = PBXFileReference; fileEncoding = 4; lastKnownFileType = sourcecode.c.h; path = sqstdblob.h; sourceTree = "<group>"; };
		F937BBB71331891900DCE63B /* sqstdio.h */ = {isa = PBXFileReference; fileEncoding = 4; lastKnownFileType = sourcecode.c.h; path = sqstdio.h; sourceTree = "<group>"; };
		F937BBB81331891900DCE63B /* sqstdmath.h */ = {isa = PBXFileReference; fileEncoding = 4; lastKnownFileType = sourcecode.c.h; path = sqstdmath.h; sourceTree = "<group>"; };
		F937BBB91331891900DCE63B /* sqstdstring.h */ = {isa = PBXFileReference; fileEncoding = 4; lastKnownFileType = sourcecode.c.h; path = sqstdstring.h; sourceTree = "<group>"; };
		F937BBBA1331891900DCE63B /* sqstdsystem.h */ = {isa = PBXFileReference; fileEncoding = 4; lastKnownFileType = sourcecode.c.h; path = sqstdsystem.h; sourceTree = "<group>"; };
		F937BBBB1331891900DCE63B /* squirrel.h */ = {isa = PBXFileReference; fileEncoding = 4; lastKnownFileType = sourcecode.c.h; path = squirrel.h; sourceTree = "<group>"; };
		F937BBBD1331891900DCE63B /* sqstdaux.cpp */ = {isa = PBXFileReference; fileEncoding = 4; lastKnownFileType = sourcecode.cpp.cpp; path = sqstdaux.cpp; sourceTree = "<group>"; };
		F937BBBE1331891900DCE63B /* sqstdblob.cpp */ = {isa = PBXFileReference; fileEncoding = 4; lastKnownFileType = sourcecode.cpp.cpp; path = sqstdblob.cpp; sourceTree = "<group>"; };
		F937BBBF1331891900DCE63B /* sqstdblobimpl.h */ = {isa = PBXFileReference; fileEncoding = 4; lastKnownFileType = sourcecode.c.h; path = sqstdblobimpl.h; sourceTree = "<group>"; };
		F937BBC01331891900DCE63B /* sqstdio.cpp */ = {isa = PBXFileReference; fileEncoding = 4; lastKnownFileType = sourcecode.cpp.cpp; path = sqstdio.cpp; sourceTree = "<group>"; };
		F937BBC11331891900DCE63B /* sqstdmath.cpp */ = {isa = PBXFileReference; fileEncoding = 4; lastKnownFileType = sourcecode.cpp.cpp; path = sqstdmath.cpp; sourceTree = "<group>"; };
		F937BBC21331891900DCE63B /* sqstdrex.cpp */ = {isa = PBXFileReference; fileEncoding = 4; lastKnownFileType = sourcecode.cpp.cpp; path = sqstdrex.cpp; sourceTree = "<group>"; };
		F937BBC31331891900DCE63B /* sqstdstream.cpp */ = {isa = PBXFileReference; fileEncoding = 4; lastKnownFileType = sourcecode.cpp.cpp; path = sqstdstream.cpp; sourceTree = "<group>"; };
		F937BBC41331891900DCE63B /* sqstdstream.h */ = {isa = PBXFileReference; fileEncoding = 4; lastKnownFileType = sourcecode.c.h; path = sqstdstream.h; sourceTree = "<group>"; };
		F937BBC51331891900DCE63B /* sqstdstring.cpp */ = {isa = PBXFileReference; fileEncoding = 4; lastKnownFileType = sourcecode.cpp.cpp; path = sqstdstring.cpp; sourceTree = "<group>"; };
		F937BBC61331891900DCE63B /* sqstdsystem.cpp */ = {isa = PBXFileReference; fileEncoding = 4; lastKnownFileType = sourcecode.cpp.cpp; path = sqstdsystem.cpp; sourceTree = "<group>"; };
		F937BBC81331891900DCE63B /* sqapi.cpp */ = {isa = PBXFileReference; fileEncoding = 4; lastKnownFileType = sourcecode.cpp.cpp; path = sqapi.cpp; sourceTree = "<group>"; };
		F937BBC91331891900DCE63B /* sqarray.h */ = {isa = PBXFileReference; fileEncoding = 4; lastKnownFileType = sourcecode.c.h; path = sqarray.h; sourceTree = "<group>"; };
		F937BBCA1331891900DCE63B /* sqbaselib.cpp */ = {isa = PBXFileReference; fileEncoding = 4; lastKnownFileType = sourcecode.cpp.cpp; path = sqbaselib.cpp; sourceTree = "<group>"; };
		F937BBCB1331891900DCE63B /* sqclass.cpp */ = {isa = PBXFileReference; fileEncoding = 4; lastKnownFileType = sourcecode.cpp.cpp; path = sqclass.cpp; sourceTree = "<group>"; };
		F937BBCC1331891900DCE63B /* sqclass.h */ = {isa = PBXFileReference; fileEncoding = 4; lastKnownFileType = sourcecode.c.h; path = sqclass.h; sourceTree = "<group>"; };
		F937BBCD1331891900DCE63B /* sqclosure.h */ = {isa = PBXFileReference; fileEncoding = 4; lastKnownFileType = sourcecode.c.h; path = sqclosure.h; sourceTree = "<group>"; };
		F937BBCE1331891900DCE63B /* sqcompiler.cpp */ = {isa = PBXFileReference; fileEncoding = 4; lastKnownFileType = sourcecode.cpp.cpp; path = sqcompiler.cpp; sourceTree = "<group>"; };
		F937BBCF1331891900DCE63B /* sqcompiler.h */ = {isa = PBXFileReference; fileEncoding = 4; lastKnownFileType = sourcecode.c.h; path = sqcompiler.h; sourceTree = "<group>"; };
		F937BBD01331891900DCE63B /* sqdebug.cpp */ = {isa = PBXFileReference; fileEncoding = 4; lastKnownFileType = sourcecode.cpp.cpp; path = sqdebug.cpp; sourceTree = "<group>"; };
		F937BBD11331891900DCE63B /* sqfuncproto.h */ = {isa = PBXFileReference; fileEncoding = 4; lastKnownFileType = sourcecode.c.h; path = sqfuncproto.h; sourceTree = "<group>"; };
		F937BBD21331891900DCE63B /* sqfuncstate.cpp */ = {isa = PBXFileReference; fileEncoding = 4; lastKnownFileType = sourcecode.cpp.cpp; path = sqfuncstate.cpp; sourceTree = "<group>"; };
		F937BBD31331891900DCE63B /* sqfuncstate.h */ = {isa = PBXFileReference; fileEncoding = 4; lastKnownFileType = sourcecode.c.h; path = sqfuncstate.h; sourceTree = "<group>"; };
		F937BBD41331891900DCE63B /* sqlexer.cpp */ = {isa = PBXFileReference; fileEncoding = 4; lastKnownFileType = sourcecode.cpp.cpp; path = sqlexer.cpp; sourceTree = "<group>"; };
		F937BBD51331891900DCE63B /* sqlexer.h */ = {isa = PBXFileReference; fileEncoding = 4; lastKnownFileType = sourcecode.c.h; path = sqlexer.h; sourceTree = "<group>"; };
		F937BBD61331891900DCE63B /* sqmem.cpp */ = {isa = PBXFileReference; fileEncoding = 4; lastKnownFileType = sourcecode.cpp.cpp; path = sqmem.cpp; sourceTree = "<group>"; };
		F937BBD71331891900DCE63B /* sqobject.cpp */ = {isa = PBXFileReference; fileEncoding = 4; lastKnownFileType = sourcecode.cpp.cpp; path = sqobject.cpp; sourceTree = "<group>"; };
		F937BBD81331891900DCE63B /* sqobject.h */ = {isa = PBXFileReference; fileEncoding = 4; lastKnownFileType = sourcecode.c.h; path = sqobject.h; sourceTree = "<group>"; };
		F937BBD91331891900DCE63B /* sqopcodes.h */ = {isa = PBXFileReference; fileEncoding = 4; lastKnownFileType = sourcecode.c.h; path = sqopcodes.h; sourceTree = "<group>"; };
		F937BBDA1331891900DCE63B /* sqpcheader.h */ = {isa = PBXFileReference; fileEncoding = 4; lastKnownFileType = sourcecode.c.h; path = sqpcheader.h; sourceTree = "<group>"; };
		F937BBDB1331891900DCE63B /* sqstate.cpp */ = {isa = PBXFileReference; fileEncoding = 4; lastKnownFileType = sourcecode.cpp.cpp; path = sqstate.cpp; sourceTree = "<group>"; };
		F937BBDC1331891900DCE63B /* sqstate.h */ = {isa = PBXFileReference; fileEncoding = 4; lastKnownFileType = sourcecode.c.h; path = sqstate.h; sourceTree = "<group>"; };
		F937BBDD1331891900DCE63B /* sqstring.h */ = {isa = PBXFileReference; fileEncoding = 4; lastKnownFileType = sourcecode.c.h; path = sqstring.h; sourceTree = "<group>"; };
		F937BBDE1331891900DCE63B /* sqtable.cpp */ = {isa = PBXFileReference; fileEncoding = 4; lastKnownFileType = sourcecode.cpp.cpp; path = sqtable.cpp; sourceTree = "<group>"; };
		F937BBDF1331891900DCE63B /* sqtable.h */ = {isa = PBXFileReference; fileEncoding = 4; lastKnownFileType = sourcecode.c.h; path = sqtable.h; sourceTree = "<group>"; };
		F937BBE01331891900DCE63B /* squserdata.h */ = {isa = PBXFileReference; fileEncoding = 4; lastKnownFileType = sourcecode.c.h; path = squserdata.h; sourceTree = "<group>"; };
		F937BBE11331891900DCE63B /* squtils.h */ = {isa = PBXFileReference; fileEncoding = 4; lastKnownFileType = sourcecode.c.h; path = squtils.h; sourceTree = "<group>"; };
		F937BBE21331891900DCE63B /* sqvm.cpp */ = {isa = PBXFileReference; fileEncoding = 4; lastKnownFileType = sourcecode.cpp.cpp; path = sqvm.cpp; sourceTree = "<group>"; };
		F937BBE31331891900DCE63B /* sqvm.h */ = {isa = PBXFileReference; fileEncoding = 4; lastKnownFileType = sourcecode.c.h; path = sqvm.h; sourceTree = "<group>"; };
		F937BBFD1331898800DCE63B /* emomain.nut */ = {isa = PBXFileReference; explicitFileType = text; fileEncoding = 4; name = emomain.nut; path = Resources/emomain.nut; sourceTree = "<group>"; };
		F94593D81331935E00290114 /* EmoView.h */ = {isa = PBXFileReference; fileEncoding = 4; lastKnownFileType = sourcecode.c.h; path = EmoView.h; sourceTree = "<group>"; };
		F94593D91331935E00290114 /* EmoView.m */ = {isa = PBXFileReference; fileEncoding = 4; lastKnownFileType = sourcecode.c.objc; path = EmoView.m; sourceTree = "<group>"; };
		F94594201331975600290114 /* EmoViewController.h */ = {isa = PBXFileReference; fileEncoding = 4; lastKnownFileType = sourcecode.c.h; path = EmoViewController.h; sourceTree = "<group>"; };
		F94594211331975600290114 /* EmoViewController.m */ = {isa = PBXFileReference; fileEncoding = 4; lastKnownFileType = sourcecode.c.objc; path = EmoViewController.m; sourceTree = "<group>"; };
		F9C5E8421342E83D00F985B0 /* emo_engine_func.h */ = {isa = PBXFileReference; fileEncoding = 4; lastKnownFileType = sourcecode.c.h; path = emo_engine_func.h; sourceTree = "<group>"; };
		F9C849CE133E09EB0095EA37 /* EmoDrawable.h */ = {isa = PBXFileReference; fileEncoding = 4; lastKnownFileType = sourcecode.c.h; path = EmoDrawable.h; sourceTree = "<group>"; };
		F9C849CF133E09EB0095EA37 /* EmoDrawable.m */ = {isa = PBXFileReference; fileEncoding = 4; lastKnownFileType = sourcecode.c.objc; path = EmoDrawable.m; sourceTree = "<group>"; };
		F9C849D1133E0A180095EA37 /* EmoFunc.h */ = {isa = PBXFileReference; fileEncoding = 4; lastKnownFileType = sourcecode.c.h; path = EmoFunc.h; sourceTree = "<group>"; };
		F9C849D2133E0A180095EA37 /* EmoFunc.m */ = {isa = PBXFileReference; fileEncoding = 4; lastKnownFileType = sourcecode.c.objc; path = EmoFunc.m; sourceTree = "<group>"; };
		F9D17BEB133B0F7B00F577C4 /* emoruntime.nut */ = {isa = PBXFileReference; fileEncoding = 4; lastKnownFileType = text; name = emoruntime.nut; path = Resources/emoruntime.nut; sourceTree = "<group>"; };
/* End PBXFileReference section */

/* Begin PBXFrameworksBuildPhase section */
		1D60588F0D05DD3D006BFB54 /* Frameworks */ = {
			isa = PBXFrameworksBuildPhase;
			buildActionMask = 2147483647;
			files = (
				1D60589F0D05DD5A006BFB54 /* Foundation.framework in Frameworks */,
				1DF5F4E00D08C38300B7A737 /* UIKit.framework in Frameworks */,
				28FD15000DC6FC520079059D /* OpenGLES.framework in Frameworks */,
				28FD15080DC6FC5B0079059D /* QuartzCore.framework in Frameworks */,
			);
			runOnlyForDeploymentPostprocessing = 0;
		};
/* End PBXFrameworksBuildPhase section */

/* Begin PBXGroup section */
		080E96DDFE201D6D7F000001 /* Classes */ = {
			isa = PBXGroup;
			children = (
				F937BBB31331891900DCE63B /* squirrel */,
				F937BBAB1331890D00DCE63B /* emo */,
				1D3623240D0F684500981E51 /* Emo_iOSAppDelegate.h */,
				1D3623250D0F684500981E51 /* Emo_iOSAppDelegate.m */,
			);
			path = Classes;
			sourceTree = "<group>";
		};
		19C28FACFE9D520D11CA2CBB /* Products */ = {
			isa = PBXGroup;
			children = (
				1D6058910D05DD3D006BFB54 /* Emo-iOS.app */,
			);
			name = Products;
			sourceTree = "<group>";
		};
		29B97314FDCFA39411CA2CEA /* CustomTemplate */ = {
			isa = PBXGroup;
			children = (
				080E96DDFE201D6D7F000001 /* Classes */,
				29B97315FDCFA39411CA2CEA /* Other Sources */,
				29B97317FDCFA39411CA2CEA /* Resources */,
				29B97323FDCFA39411CA2CEA /* Frameworks */,
				19C28FACFE9D520D11CA2CBB /* Products */,
			);
			name = CustomTemplate;
			sourceTree = "<group>";
		};
		29B97315FDCFA39411CA2CEA /* Other Sources */ = {
			isa = PBXGroup;
			children = (
				32CA4F630368D1EE00C91783 /* Emo_iOS_Prefix.pch */,
				29B97316FDCFA39411CA2CEA /* main.m */,
			);
			name = "Other Sources";
			sourceTree = "<group>";
		};
		29B97317FDCFA39411CA2CEA /* Resources */ = {
			isa = PBXGroup;
			children = (
				F9D17BEB133B0F7B00F577C4 /* emoruntime.nut */,
				F937BBFD1331898800DCE63B /* emomain.nut */,
				8D1107310486CEB800E47090 /* Emo_iOS-Info.plist */,
			);
			name = Resources;
			sourceTree = "<group>";
		};
		29B97323FDCFA39411CA2CEA /* Frameworks */ = {
			isa = PBXGroup;
			children = (
				28FD15070DC6FC5B0079059D /* QuartzCore.framework */,
				28FD14FF0DC6FC520079059D /* OpenGLES.framework */,
				1DF5F4DF0D08C38300B7A737 /* UIKit.framework */,
				1D30AB110D05D00D00671497 /* Foundation.framework */,
			);
			name = Frameworks;
			sourceTree = "<group>";
		};
		F937BBAB1331890D00DCE63B /* emo */ = {
			isa = PBXGroup;
			children = (
				F94594201331975600290114 /* EmoViewController.h */,
				F94594211331975600290114 /* EmoViewController.m */,
				F94593D81331935E00290114 /* EmoView.h */,
				F94593D91331935E00290114 /* EmoView.m */,
				F937BBAC1331890D00DCE63B /* common.h */,
				F937BBAD1331890D00DCE63B /* EmoEngine.h */,
				F937BBAE1331890D00DCE63B /* EmoEngine.m */,
				F937BBAF1331890D00DCE63B /* sqfunc.h */,
				F937BBB01331890D00DCE63B /* sqfunc.m */,
				F9C849CE133E09EB0095EA37 /* EmoDrawable.h */,
				F9C849CF133E09EB0095EA37 /* EmoDrawable.m */,
				F9C849D1133E0A180095EA37 /* EmoFunc.h */,
				F9C849D2133E0A180095EA37 /* EmoFunc.m */,
				F9C5E8421342E83D00F985B0 /* emo_engine_func.h */,
			);
			path = emo;
			sourceTree = "<group>";
		};
		F937BBB31331891900DCE63B /* squirrel */ = {
			isa = PBXGroup;
			children = (
				F937BBB41331891900DCE63B /* include */,
				F937BBBC1331891900DCE63B /* sqstdlib */,
				F937BBC71331891900DCE63B /* squirrel */,
			);
			path = squirrel;
			sourceTree = "<group>";
		};
		F937BBB41331891900DCE63B /* include */ = {
			isa = PBXGroup;
			children = (
				F937BBB51331891900DCE63B /* sqstdaux.h */,
				F937BBB61331891900DCE63B /* sqstdblob.h */,
				F937BBB71331891900DCE63B /* sqstdio.h */,
				F937BBB81331891900DCE63B /* sqstdmath.h */,
				F937BBB91331891900DCE63B /* sqstdstring.h */,
				F937BBBA1331891900DCE63B /* sqstdsystem.h */,
				F937BBBB1331891900DCE63B /* squirrel.h */,
			);
			path = include;
			sourceTree = "<group>";
		};
		F937BBBC1331891900DCE63B /* sqstdlib */ = {
			isa = PBXGroup;
			children = (
				F937BBBD1331891900DCE63B /* sqstdaux.cpp */,
				F937BBBE1331891900DCE63B /* sqstdblob.cpp */,
				F937BBBF1331891900DCE63B /* sqstdblobimpl.h */,
				F937BBC01331891900DCE63B /* sqstdio.cpp */,
				F937BBC11331891900DCE63B /* sqstdmath.cpp */,
				F937BBC21331891900DCE63B /* sqstdrex.cpp */,
				F937BBC31331891900DCE63B /* sqstdstream.cpp */,
				F937BBC41331891900DCE63B /* sqstdstream.h */,
				F937BBC51331891900DCE63B /* sqstdstring.cpp */,
				F937BBC61331891900DCE63B /* sqstdsystem.cpp */,
			);
			path = sqstdlib;
			sourceTree = "<group>";
		};
		F937BBC71331891900DCE63B /* squirrel */ = {
			isa = PBXGroup;
			children = (
				F937BBC81331891900DCE63B /* sqapi.cpp */,
				F937BBC91331891900DCE63B /* sqarray.h */,
				F937BBCA1331891900DCE63B /* sqbaselib.cpp */,
				F937BBCB1331891900DCE63B /* sqclass.cpp */,
				F937BBCC1331891900DCE63B /* sqclass.h */,
				F937BBCD1331891900DCE63B /* sqclosure.h */,
				F937BBCE1331891900DCE63B /* sqcompiler.cpp */,
				F937BBCF1331891900DCE63B /* sqcompiler.h */,
				F937BBD01331891900DCE63B /* sqdebug.cpp */,
				F937BBD11331891900DCE63B /* sqfuncproto.h */,
				F937BBD21331891900DCE63B /* sqfuncstate.cpp */,
				F937BBD31331891900DCE63B /* sqfuncstate.h */,
				F937BBD41331891900DCE63B /* sqlexer.cpp */,
				F937BBD51331891900DCE63B /* sqlexer.h */,
				F937BBD61331891900DCE63B /* sqmem.cpp */,
				F937BBD71331891900DCE63B /* sqobject.cpp */,
				F937BBD81331891900DCE63B /* sqobject.h */,
				F937BBD91331891900DCE63B /* sqopcodes.h */,
				F937BBDA1331891900DCE63B /* sqpcheader.h */,
				F937BBDB1331891900DCE63B /* sqstate.cpp */,
				F937BBDC1331891900DCE63B /* sqstate.h */,
				F937BBDD1331891900DCE63B /* sqstring.h */,
				F937BBDE1331891900DCE63B /* sqtable.cpp */,
				F937BBDF1331891900DCE63B /* sqtable.h */,
				F937BBE01331891900DCE63B /* squserdata.h */,
				F937BBE11331891900DCE63B /* squtils.h */,
				F937BBE21331891900DCE63B /* sqvm.cpp */,
				F937BBE31331891900DCE63B /* sqvm.h */,
			);
			path = squirrel;
			sourceTree = "<group>";
		};
/* End PBXGroup section */

/* Begin PBXNativeTarget section */
		1D6058900D05DD3D006BFB54 /* Emo-iOS */ = {
			isa = PBXNativeTarget;
			buildConfigurationList = 1D6058960D05DD3E006BFB54 /* Build configuration list for PBXNativeTarget "Emo-iOS" */;
			buildPhases = (
				1D60588D0D05DD3D006BFB54 /* Resources */,
				1D60588E0D05DD3D006BFB54 /* Sources */,
				1D60588F0D05DD3D006BFB54 /* Frameworks */,
			);
			buildRules = (
			);
			dependencies = (
			);
			name = "Emo-iOS";
			productName = "Emo-iOS";
			productReference = 1D6058910D05DD3D006BFB54 /* Emo-iOS.app */;
			productType = "com.apple.product-type.application";
		};
/* End PBXNativeTarget section */

/* Begin PBXProject section */
		29B97313FDCFA39411CA2CEA /* Project object */ = {
			isa = PBXProject;
			buildConfigurationList = C01FCF4E08A954540054247B /* Build configuration list for PBXProject "Emo-iOS" */;
			compatibilityVersion = "Xcode 3.1";
			developmentRegion = English;
			hasScannedForEncodings = 1;
			knownRegions = (
				English,
				Japanese,
				French,
				German,
			);
			mainGroup = 29B97314FDCFA39411CA2CEA /* CustomTemplate */;
			projectDirPath = "";
			projectRoot = "";
			targets = (
				1D6058900D05DD3D006BFB54 /* Emo-iOS */,
			);
		};
/* End PBXProject section */

/* Begin PBXResourcesBuildPhase section */
		1D60588D0D05DD3D006BFB54 /* Resources */ = {
			isa = PBXResourcesBuildPhase;
			buildActionMask = 2147483647;
			files = (
				F937BBFE1331898800DCE63B /* emomain.nut in Resources */,
				F9D17BEC133B0F7B00F577C4 /* emoruntime.nut in Resources */,
			);
			runOnlyForDeploymentPostprocessing = 0;
		};
/* End PBXResourcesBuildPhase section */

/* Begin PBXSourcesBuildPhase section */
		1D60588E0D05DD3D006BFB54 /* Sources */ = {
			isa = PBXSourcesBuildPhase;
			buildActionMask = 2147483647;
			files = (
				1D60589B0D05DD56006BFB54 /* main.m in Sources */,
				1D3623260D0F684500981E51 /* Emo_iOSAppDelegate.m in Sources */,
				F937BBB11331890D00DCE63B /* EmoEngine.m in Sources */,
				F937BBB21331890D00DCE63B /* sqfunc.m in Sources */,
				F937BBE41331891900DCE63B /* sqstdaux.cpp in Sources */,
				F937BBE51331891900DCE63B /* sqstdblob.cpp in Sources */,
				F937BBE61331891900DCE63B /* sqstdio.cpp in Sources */,
				F937BBE71331891900DCE63B /* sqstdmath.cpp in Sources */,
				F937BBE81331891900DCE63B /* sqstdrex.cpp in Sources */,
				F937BBE91331891900DCE63B /* sqstdstream.cpp in Sources */,
				F937BBEA1331891900DCE63B /* sqstdstring.cpp in Sources */,
				F937BBEB1331891900DCE63B /* sqstdsystem.cpp in Sources */,
				F937BBEC1331891900DCE63B /* sqapi.cpp in Sources */,
				F937BBED1331891900DCE63B /* sqbaselib.cpp in Sources */,
				F937BBEE1331891900DCE63B /* sqclass.cpp in Sources */,
				F937BBEF1331891900DCE63B /* sqcompiler.cpp in Sources */,
				F937BBF01331891900DCE63B /* sqdebug.cpp in Sources */,
				F937BBF11331891900DCE63B /* sqfuncstate.cpp in Sources */,
				F937BBF21331891900DCE63B /* sqlexer.cpp in Sources */,
				F937BBF31331891900DCE63B /* sqmem.cpp in Sources */,
				F937BBF41331891900DCE63B /* sqobject.cpp in Sources */,
				F937BBF51331891900DCE63B /* sqstate.cpp in Sources */,
				F937BBF61331891900DCE63B /* sqtable.cpp in Sources */,
				F937BBF71331891900DCE63B /* sqvm.cpp in Sources */,
				F94593DA1331935E00290114 /* EmoView.m in Sources */,
				F94594221331975600290114 /* EmoViewController.m in Sources */,
				F9C849D0133E09EB0095EA37 /* EmoDrawable.m in Sources */,
				F9C849D3133E0A180095EA37 /* EmoFunc.m in Sources */,
			);
			runOnlyForDeploymentPostprocessing = 0;
		};
/* End PBXSourcesBuildPhase section */

/* Begin XCBuildConfiguration section */
		1D6058940D05DD3E006BFB54 /* Debug */ = {
			isa = XCBuildConfiguration;
			buildSettings = {
				ALWAYS_SEARCH_USER_PATHS = NO;
				COPY_PHASE_STRIP = NO;
				GCC_DYNAMIC_NO_PIC = NO;
				GCC_OPTIMIZATION_LEVEL = 0;
				GCC_PRECOMPILE_PREFIX_HEADER = YES;
				GCC_PREFIX_HEADER = Emo_iOS_Prefix.pch;
				"GCC_THUMB_SUPPORT[arch=armv6]" = "";
				INFOPLIST_FILE = "Emo_iOS-Info.plist";
				PRODUCT_NAME = "Emo-iOS";
			};
			name = Debug;
		};
		1D6058950D05DD3E006BFB54 /* Release */ = {
			isa = XCBuildConfiguration;
			buildSettings = {
				ALWAYS_SEARCH_USER_PATHS = NO;
				COPY_PHASE_STRIP = YES;
				GCC_PRECOMPILE_PREFIX_HEADER = YES;
				GCC_PREFIX_HEADER = Emo_iOS_Prefix.pch;
				"GCC_THUMB_SUPPORT[arch=armv6]" = "";
				INFOPLIST_FILE = "Emo_iOS-Info.plist";
				PRODUCT_NAME = "Emo-iOS";
				VALIDATE_PRODUCT = YES;
			};
			name = Release;
		};
		C01FCF4F08A954540054247B /* Debug */ = {
			isa = XCBuildConfiguration;
			buildSettings = {
				ARCHS = "$(ARCHS_STANDARD_32_BIT)";
				"CODE_SIGN_IDENTITY[sdk=iphoneos*]" = "iPhone Developer";
				GCC_C_LANGUAGE_STANDARD = c99;
				GCC_PREPROCESSOR_DEFINITIONS = DEBUG;
				GCC_WARN_ABOUT_RETURN_TYPE = YES;
				GCC_WARN_UNUSED_VARIABLE = YES;
				HEADER_SEARCH_PATHS = (
					Classes/emo,
					Classes/squirrel/include,
				);
				PREBINDING = NO;
				SDKROOT = iphoneos;
			};
			name = Debug;
		};
		C01FCF5008A954540054247B /* Release */ = {
			isa = XCBuildConfiguration;
			buildSettings = {
				ARCHS = "$(ARCHS_STANDARD_32_BIT)";
				"CODE_SIGN_IDENTITY[sdk=iphoneos*]" = "iPhone Developer";
				GCC_C_LANGUAGE_STANDARD = c99;
				GCC_WARN_ABOUT_RETURN_TYPE = YES;
				GCC_WARN_UNUSED_VARIABLE = YES;
				OTHER_CFLAGS = "-DNS_BLOCK_ASSERTIONS=1";
				PREBINDING = NO;
				SDKROOT = iphoneos;
			};
			name = Release;
		};
/* End XCBuildConfiguration section */

/* Begin XCConfigurationList section */
		1D6058960D05DD3E006BFB54 /* Build configuration list for PBXNativeTarget "Emo-iOS" */ = {
			isa = XCConfigurationList;
			buildConfigurations = (
				1D6058940D05DD3E006BFB54 /* Debug */,
				1D6058950D05DD3E006BFB54 /* Release */,
			);
			defaultConfigurationIsVisible = 0;
			defaultConfigurationName = Release;
		};
		C01FCF4E08A954540054247B /* Build configuration list for PBXProject "Emo-iOS" */ = {
			isa = XCConfigurationList;
			buildConfigurations = (
				C01FCF4F08A954540054247B /* Debug */,
				C01FCF5008A954540054247B /* Release */,
			);
			defaultConfigurationIsVisible = 0;
			defaultConfigurationName = Release;
		};
/* End XCConfigurationList section */
	};
	rootObject = 29B97313FDCFA39411CA2CEA /* Project object */;
}
