// !$*UTF8*$!
{
	archiveVersion = 1;
	classes = {
	};
	objectVersion = 45;
	objects = {

/* Begin PBXBuildFile section */
		1D3623260D0F684500981E51 /* Emo_iOSAppDelegate.m in Sources */ = {isa = PBXBuildFile; fileRef = 1D3623250D0F684500981E51 /* Emo_iOSAppDelegate.m */; };
		1D60589B0D05DD56006BFB54 /* main.m in Sources */ = {isa = PBXBuildFile; fileRef = 29B97316FDCFA39411CA2CEA /* main.m */; };
		1D60589F0D05DD5A006BFB54 /* Foundation.framework in Frameworks */ = {isa = PBXBuildFile; fileRef = 1D30AB110D05D00D00671497 /* Foundation.framework */; };
		1DF5F4E00D08C38300B7A737 /* UIKit.framework in Frameworks */ = {isa = PBXBuildFile; fileRef = 1DF5F4DF0D08C38300B7A737 /* UIKit.framework */; };
		28FD15000DC6FC520079059D /* OpenGLES.framework in Frameworks */ = {isa = PBXBuildFile; fileRef = 28FD14FF0DC6FC520079059D /* OpenGLES.framework */; };
		28FD15080DC6FC5B0079059D /* QuartzCore.framework in Frameworks */ = {isa = PBXBuildFile; fileRef = 28FD15070DC6FC5B0079059D /* QuartzCore.framework */; };
		F937BBB11331890D00DCE63B /* EmoEngine.m in Sources */ = {isa = PBXBuildFile; fileRef = F937BBAE1331890D00DCE63B /* EmoEngine.m */; };
		F937BBE41331891900DCE63B /* sqstdaux.cpp in Sources */ = {isa = PBXBuildFile; fileRef = F937BBBD1331891900DCE63B /* sqstdaux.cpp */; };
		F937BBE51331891900DCE63B /* sqstdblob.cpp in Sources */ = {isa = PBXBuildFile; fileRef = F937BBBE1331891900DCE63B /* sqstdblob.cpp */; };
		F937BBE61331891900DCE63B /* sqstdio.cpp in Sources */ = {isa = PBXBuildFile; fileRef = F937BBC01331891900DCE63B /* sqstdio.cpp */; };
		F937BBE71331891900DCE63B /* sqstdmath.cpp in Sources */ = {isa = PBXBuildFile; fileRef = F937BBC11331891900DCE63B /* sqstdmath.cpp */; };
		F937BBE81331891900DCE63B /* sqstdrex.cpp in Sources */ = {isa = PBXBuildFile; fileRef = F937BBC21331891900DCE63B /* sqstdrex.cpp */; };
		F937BBE91331891900DCE63B /* sqstdstream.cpp in Sources */ = {isa = PBXBuildFile; fileRef = F937BBC31331891900DCE63B /* sqstdstream.cpp */; };
		F937BBEA1331891900DCE63B /* sqstdstring.cpp in Sources */ = {isa = PBXBuildFile; fileRef = F937BBC51331891900DCE63B /* sqstdstring.cpp */; };
		F937BBEB1331891900DCE63B /* sqstdsystem.cpp in Sources */ = {isa = PBXBuildFile; fileRef = F937BBC61331891900DCE63B /* sqstdsystem.cpp */; };
		F937BBEC1331891900DCE63B /* sqapi.cpp in Sources */ = {isa = PBXBuildFile; fileRef = F937BBC81331891900DCE63B /* sqapi.cpp */; };
		F937BBED1331891900DCE63B /* sqbaselib.cpp in Sources */ = {isa = PBXBuildFile; fileRef = F937BBCA1331891900DCE63B /* sqbaselib.cpp */; };
		F937BBEE1331891900DCE63B /* sqclass.cpp in Sources */ = {isa = PBXBuildFile; fileRef = F937BBCB1331891900DCE63B /* sqclass.cpp */; };
		F937BBEF1331891900DCE63B /* sqcompiler.cpp in Sources */ = {isa = PBXBuildFile; fileRef = F937BBCE1331891900DCE63B /* sqcompiler.cpp */; };
		F937BBF01331891900DCE63B /* sqdebug.cpp in Sources */ = {isa = PBXBuildFile; fileRef = F937BBD01331891900DCE63B /* sqdebug.cpp */; };
		F937BBF11331891900DCE63B /* sqfuncstate.cpp in Sources */ = {isa = PBXBuildFile; fileRef = F937BBD21331891900DCE63B /* sqfuncstate.cpp */; };
		F937BBF21331891900DCE63B /* sqlexer.cpp in Sources */ = {isa = PBXBuildFile; fileRef = F937BBD41331891900DCE63B /* sqlexer.cpp */; };
		F937BBF31331891900DCE63B /* sqmem.cpp in Sources */ = {isa = PBXBuildFile; fileRef = F937BBD61331891900DCE63B /* sqmem.cpp */; };
		F937BBF41331891900DCE63B /* sqobject.cpp in Sources */ = {isa = PBXBuildFile; fileRef = F937BBD71331891900DCE63B /* sqobject.cpp */; };
		F937BBF51331891900DCE63B /* sqstate.cpp in Sources */ = {isa = PBXBuildFile; fileRef = F937BBDB1331891900DCE63B /* sqstate.cpp */; };
		F937BBF61331891900DCE63B /* sqtable.cpp in Sources */ = {isa = PBXBuildFile; fileRef = F937BBDE1331891900DCE63B /* sqtable.cpp */; };
		F937BBF71331891900DCE63B /* sqvm.cpp in Sources */ = {isa = PBXBuildFile; fileRef = F937BBE21331891900DCE63B /* sqvm.cpp */; };
		F93C58421343187A002C29E5 /* EmoAudio.m in Sources */ = {isa = PBXBuildFile; fileRef = F93C58411343187A002C29E5 /* EmoAudio.m */; };
		F94593DA1331935E00290114 /* EmoView.m in Sources */ = {isa = PBXBuildFile; fileRef = F94593D91331935E00290114 /* EmoView.m */; };
		F94594221331975600290114 /* EmoViewController.m in Sources */ = {isa = PBXBuildFile; fileRef = F94594211331975600290114 /* EmoViewController.m */; };
		F98526DF13874882007DD0CF /* block.png in Resources */ = {isa = PBXBuildFile; fileRef = F98526DE13874882007DD0CF /* block.png */; };
		F9B500CA13807A31009BB773 /* physics.nut in Resources */ = {isa = PBXBuildFile; fileRef = F9B500AF13807682009BB773 /* physics.nut */; };
		F9C31C191345FC8600B066DC /* AudioToolbox.framework in Frameworks */ = {isa = PBXBuildFile; fileRef = F9C31C181345FC8600B066DC /* AudioToolbox.framework */; };
		F9C7DE60134AB99F0053065E /* png.c in Sources */ = {isa = PBXBuildFile; fileRef = F9C7DE4D134AB99E0053065E /* png.c */; };
		F9C7DE61134AB99F0053065E /* pngerror.c in Sources */ = {isa = PBXBuildFile; fileRef = F9C7DE50134AB99E0053065E /* pngerror.c */; };
		F9C7DE62134AB99F0053065E /* pngget.c in Sources */ = {isa = PBXBuildFile; fileRef = F9C7DE51134AB99E0053065E /* pngget.c */; };
		F9C7DE63134AB99F0053065E /* pngmem.c in Sources */ = {isa = PBXBuildFile; fileRef = F9C7DE52134AB99E0053065E /* pngmem.c */; };
		F9C7DE64134AB99F0053065E /* pngpread.c in Sources */ = {isa = PBXBuildFile; fileRef = F9C7DE53134AB99E0053065E /* pngpread.c */; };
		F9C7DE65134AB99F0053065E /* pngread.c in Sources */ = {isa = PBXBuildFile; fileRef = F9C7DE55134AB99E0053065E /* pngread.c */; };
		F9C7DE66134AB99F0053065E /* pngrio.c in Sources */ = {isa = PBXBuildFile; fileRef = F9C7DE56134AB99E0053065E /* pngrio.c */; };
		F9C7DE67134AB99F0053065E /* pngrtran.c in Sources */ = {isa = PBXBuildFile; fileRef = F9C7DE57134AB99E0053065E /* pngrtran.c */; };
		F9C7DE68134AB99F0053065E /* pngrutil.c in Sources */ = {isa = PBXBuildFile; fileRef = F9C7DE58134AB99F0053065E /* pngrutil.c */; };
		F9C7DE69134AB99F0053065E /* pngset.c in Sources */ = {isa = PBXBuildFile; fileRef = F9C7DE59134AB99F0053065E /* pngset.c */; };
		F9C7DE6A134AB99F0053065E /* pngtrans.c in Sources */ = {isa = PBXBuildFile; fileRef = F9C7DE5A134AB99F0053065E /* pngtrans.c */; };
		F9C7DE6B134AB99F0053065E /* pngwio.c in Sources */ = {isa = PBXBuildFile; fileRef = F9C7DE5B134AB99F0053065E /* pngwio.c */; };
		F9C7DE6C134AB99F0053065E /* pngwrite.c in Sources */ = {isa = PBXBuildFile; fileRef = F9C7DE5C134AB99F0053065E /* pngwrite.c */; };
		F9C7DE6D134AB99F0053065E /* pngwtran.c in Sources */ = {isa = PBXBuildFile; fileRef = F9C7DE5D134AB99F0053065E /* pngwtran.c */; };
		F9C7DE6E134AB99F0053065E /* pngwutil.c in Sources */ = {isa = PBXBuildFile; fileRef = F9C7DE5E134AB99F0053065E /* pngwutil.c */; };
		F9C7DE94134ABBDE0053065E /* libz.dylib in Frameworks */ = {isa = PBXBuildFile; fileRef = F9C7DE93134ABBDE0053065E /* libz.dylib */; };
		F9C7DEAA134ACAE90053065E /* EmoImage.m in Sources */ = {isa = PBXBuildFile; fileRef = F9C7DEA9134ACAE90053065E /* EmoImage.m */; };
		F9C849D0133E09EB0095EA37 /* EmoDrawable.m in Sources */ = {isa = PBXBuildFile; fileRef = F9C849CF133E09EB0095EA37 /* EmoDrawable.m */; };
		F9C8CE16138541310063D189 /* Physics_contact.cpp in Sources */ = {isa = PBXBuildFile; fileRef = F9C8CE15138541310063D189 /* Physics_contact.cpp */; };
		F9C8CE1F1385451D0063D189 /* Physics_util.cpp in Sources */ = {isa = PBXBuildFile; fileRef = F9C8CE1E1385451D0063D189 /* Physics_util.cpp */; };
		F9D00E52135D44CA00D51C64 /* VmFunc.cpp in Sources */ = {isa = PBXBuildFile; fileRef = F9D00E51135D44CA00D51C64 /* VmFunc.cpp */; };
		F9D00E58135D453B00D51C64 /* Util.cpp in Sources */ = {isa = PBXBuildFile; fileRef = F9D00E57135D453B00D51C64 /* Util.cpp */; };
		F9D00EA4135D48E800D51C64 /* EmoAudio_glue.m in Sources */ = {isa = PBXBuildFile; fileRef = F9D00E9D135D48E800D51C64 /* EmoAudio_glue.m */; };
		F9D00EA5135D48E800D51C64 /* EmoDrawable_glue.m in Sources */ = {isa = PBXBuildFile; fileRef = F9D00E9F135D48E800D51C64 /* EmoDrawable_glue.m */; };
		F9D00EA6135D48E800D51C64 /* EmoEngine_glue.m in Sources */ = {isa = PBXBuildFile; fileRef = F9D00EA1135D48E800D51C64 /* EmoEngine_glue.m */; };
		F9D00EA7135D48E800D51C64 /* EmoRuntime.m in Sources */ = {isa = PBXBuildFile; fileRef = F9D00EA3135D48E800D51C64 /* EmoRuntime.m */; };
		F9D1FD57136E3A0F0085D2BF /* EmoMapDrawable.m in Sources */ = {isa = PBXBuildFile; fileRef = F9D1FD56136E3A0F0085D2BF /* EmoMapDrawable.m */; };
		F9D9235D137396A2001AA3E0 /* EmoDatabase.m in Sources */ = {isa = PBXBuildFile; fileRef = F9D9235C137396A2001AA3E0 /* EmoDatabase.m */; };
		F9D9236013739869001AA3E0 /* EmoDatabase_glue.m in Sources */ = {isa = PBXBuildFile; fileRef = F9D9235F13739869001AA3E0 /* EmoDatabase_glue.m */; };
		F9D9239E1373D14A001AA3E0 /* libsqlite3.dylib in Frameworks */ = {isa = PBXBuildFile; fileRef = F9D9239D1373D14A001AA3E0 /* libsqlite3.dylib */; };
		F9DB370A136E257C00340476 /* main.nut in Resources */ = {isa = PBXBuildFile; fileRef = F9DB3708136E257C00340476 /* main.nut */; };
		F9DB370B136E257C00340476 /* runtime.nut in Resources */ = {isa = PBXBuildFile; fileRef = F9DB3709136E257C00340476 /* runtime.nut */; };
		F9DF2C38138007810057247A /* b2BroadPhase.cpp in Sources */ = {isa = PBXBuildFile; fileRef = F9DF2BED138007810057247A /* b2BroadPhase.cpp */; };
		F9DF2C39138007810057247A /* b2CollideCircle.cpp in Sources */ = {isa = PBXBuildFile; fileRef = F9DF2BEF138007810057247A /* b2CollideCircle.cpp */; };
		F9DF2C3A138007810057247A /* b2CollidePolygon.cpp in Sources */ = {isa = PBXBuildFile; fileRef = F9DF2BF0138007810057247A /* b2CollidePolygon.cpp */; };
		F9DF2C3B138007810057247A /* b2Collision.cpp in Sources */ = {isa = PBXBuildFile; fileRef = F9DF2BF1138007810057247A /* b2Collision.cpp */; };
		F9DF2C3C138007810057247A /* b2Distance.cpp in Sources */ = {isa = PBXBuildFile; fileRef = F9DF2BF3138007810057247A /* b2Distance.cpp */; };
		F9DF2C3D138007810057247A /* b2DynamicTree.cpp in Sources */ = {isa = PBXBuildFile; fileRef = F9DF2BF5138007810057247A /* b2DynamicTree.cpp */; };
		F9DF2C3E138007810057247A /* b2TimeOfImpact.cpp in Sources */ = {isa = PBXBuildFile; fileRef = F9DF2BF7138007810057247A /* b2TimeOfImpact.cpp */; };
		F9DF2C3F138007810057247A /* b2CircleShape.cpp in Sources */ = {isa = PBXBuildFile; fileRef = F9DF2BFA138007810057247A /* b2CircleShape.cpp */; };
		F9DF2C40138007810057247A /* b2PolygonShape.cpp in Sources */ = {isa = PBXBuildFile; fileRef = F9DF2BFC138007810057247A /* b2PolygonShape.cpp */; };
		F9DF2C41138007810057247A /* b2BlockAllocator.cpp in Sources */ = {isa = PBXBuildFile; fileRef = F9DF2C00138007810057247A /* b2BlockAllocator.cpp */; };
		F9DF2C42138007810057247A /* b2Math.cpp in Sources */ = {isa = PBXBuildFile; fileRef = F9DF2C02138007810057247A /* b2Math.cpp */; };
		F9DF2C43138007810057247A /* b2Settings.cpp in Sources */ = {isa = PBXBuildFile; fileRef = F9DF2C04138007810057247A /* b2Settings.cpp */; };
		F9DF2C44138007810057247A /* b2StackAllocator.cpp in Sources */ = {isa = PBXBuildFile; fileRef = F9DF2C06138007810057247A /* b2StackAllocator.cpp */; };
		F9DF2C45138007810057247A /* b2Body.cpp in Sources */ = {isa = PBXBuildFile; fileRef = F9DF2C09138007810057247A /* b2Body.cpp */; };
		F9DF2C46138007810057247A /* b2ContactManager.cpp in Sources */ = {isa = PBXBuildFile; fileRef = F9DF2C0B138007810057247A /* b2ContactManager.cpp */; };
		F9DF2C47138007810057247A /* b2Fixture.cpp in Sources */ = {isa = PBXBuildFile; fileRef = F9DF2C0D138007810057247A /* b2Fixture.cpp */; };
		F9DF2C48138007810057247A /* b2Island.cpp in Sources */ = {isa = PBXBuildFile; fileRef = F9DF2C0F138007810057247A /* b2Island.cpp */; };
		F9DF2C49138007810057247A /* b2World.cpp in Sources */ = {isa = PBXBuildFile; fileRef = F9DF2C12138007810057247A /* b2World.cpp */; };
		F9DF2C4A138007810057247A /* b2WorldCallbacks.cpp in Sources */ = {isa = PBXBuildFile; fileRef = F9DF2C14138007810057247A /* b2WorldCallbacks.cpp */; };
		F9DF2C4B138007810057247A /* b2CircleContact.cpp in Sources */ = {isa = PBXBuildFile; fileRef = F9DF2C17138007810057247A /* b2CircleContact.cpp */; };
		F9DF2C4C138007810057247A /* b2Contact.cpp in Sources */ = {isa = PBXBuildFile; fileRef = F9DF2C19138007810057247A /* b2Contact.cpp */; };
		F9DF2C4D138007810057247A /* b2ContactSolver.cpp in Sources */ = {isa = PBXBuildFile; fileRef = F9DF2C1B138007810057247A /* b2ContactSolver.cpp */; };
		F9DF2C4E138007810057247A /* b2PolygonAndCircleContact.cpp in Sources */ = {isa = PBXBuildFile; fileRef = F9DF2C1D138007810057247A /* b2PolygonAndCircleContact.cpp */; };
		F9DF2C4F138007810057247A /* b2PolygonContact.cpp in Sources */ = {isa = PBXBuildFile; fileRef = F9DF2C1F138007810057247A /* b2PolygonContact.cpp */; };
		F9DF2C50138007810057247A /* b2TOISolver.cpp in Sources */ = {isa = PBXBuildFile; fileRef = F9DF2C21138007810057247A /* b2TOISolver.cpp */; };
		F9DF2C51138007810057247A /* b2DistanceJoint.cpp in Sources */ = {isa = PBXBuildFile; fileRef = F9DF2C24138007810057247A /* b2DistanceJoint.cpp */; };
		F9DF2C52138007810057247A /* b2FrictionJoint.cpp in Sources */ = {isa = PBXBuildFile; fileRef = F9DF2C26138007810057247A /* b2FrictionJoint.cpp */; };
		F9DF2C53138007810057247A /* b2GearJoint.cpp in Sources */ = {isa = PBXBuildFile; fileRef = F9DF2C28138007810057247A /* b2GearJoint.cpp */; };
		F9DF2C54138007810057247A /* b2Joint.cpp in Sources */ = {isa = PBXBuildFile; fileRef = F9DF2C2A138007810057247A /* b2Joint.cpp */; };
		F9DF2C55138007810057247A /* b2LineJoint.cpp in Sources */ = {isa = PBXBuildFile; fileRef = F9DF2C2C138007810057247A /* b2LineJoint.cpp */; };
		F9DF2C56138007810057247A /* b2MouseJoint.cpp in Sources */ = {isa = PBXBuildFile; fileRef = F9DF2C2E138007810057247A /* b2MouseJoint.cpp */; };
		F9DF2C57138007810057247A /* b2PrismaticJoint.cpp in Sources */ = {isa = PBXBuildFile; fileRef = F9DF2C30138007810057247A /* b2PrismaticJoint.cpp */; };
		F9DF2C58138007810057247A /* b2PulleyJoint.cpp in Sources */ = {isa = PBXBuildFile; fileRef = F9DF2C32138007810057247A /* b2PulleyJoint.cpp */; };
		F9DF2C59138007810057247A /* b2RevoluteJoint.cpp in Sources */ = {isa = PBXBuildFile; fileRef = F9DF2C34138007810057247A /* b2RevoluteJoint.cpp */; };
		F9DF2C5A138007810057247A /* b2WeldJoint.cpp in Sources */ = {isa = PBXBuildFile; fileRef = F9DF2C36138007810057247A /* b2WeldJoint.cpp */; };
		F9DF2C6D138008B70057247A /* Physics_glue.cpp in Sources */ = {isa = PBXBuildFile; fileRef = F9DF2C6C138008B70057247A /* Physics_glue.cpp */; };
		F9DF2C70138009670057247A /* EmoPhysics.m in Sources */ = {isa = PBXBuildFile; fileRef = F9DF2C6F138009670057247A /* EmoPhysics.m */; };
		F9E41A43134494DE0009385D /* OpenAL.framework in Frameworks */ = {isa = PBXBuildFile; fileRef = F9E41A42134494DE0009385D /* OpenAL.framework */; };
		F9E8BD7E138A0523000C961E /* blocks.png in Resources */ = {isa = PBXBuildFile; fileRef = F9E8BD7D138A0523000C961E /* blocks.png */; };
		F9F89ECD1350218C00B005AF /* EmoStage.m in Sources */ = {isa = PBXBuildFile; fileRef = F9F89ECC1350218C00B005AF /* EmoStage.m */; };
/* End PBXBuildFile section */

/* Begin PBXFileReference section */
		1D30AB110D05D00D00671497 /* Foundation.framework */ = {isa = PBXFileReference; lastKnownFileType = wrapper.framework; name = Foundation.framework; path = System/Library/Frameworks/Foundation.framework; sourceTree = SDKROOT; };
		1D3623240D0F684500981E51 /* Emo_iOSAppDelegate.h */ = {isa = PBXFileReference; fileEncoding = 4; lastKnownFileType = sourcecode.c.h; path = Emo_iOSAppDelegate.h; sourceTree = "<group>"; };
		1D3623250D0F684500981E51 /* Emo_iOSAppDelegate.m */ = {isa = PBXFileReference; fileEncoding = 4; lastKnownFileType = sourcecode.c.objc; path = Emo_iOSAppDelegate.m; sourceTree = "<group>"; };
		1D6058910D05DD3D006BFB54 /* Emo-iOS.app */ = {isa = PBXFileReference; explicitFileType = wrapper.application; includeInIndex = 0; path = "Emo-iOS.app"; sourceTree = BUILT_PRODUCTS_DIR; };
		1DF5F4DF0D08C38300B7A737 /* UIKit.framework */ = {isa = PBXFileReference; lastKnownFileType = wrapper.framework; name = UIKit.framework; path = System/Library/Frameworks/UIKit.framework; sourceTree = SDKROOT; };
		28FD14FF0DC6FC520079059D /* OpenGLES.framework */ = {isa = PBXFileReference; lastKnownFileType = wrapper.framework; name = OpenGLES.framework; path = System/Library/Frameworks/OpenGLES.framework; sourceTree = SDKROOT; };
		28FD15070DC6FC5B0079059D /* QuartzCore.framework */ = {isa = PBXFileReference; lastKnownFileType = wrapper.framework; name = QuartzCore.framework; path = System/Library/Frameworks/QuartzCore.framework; sourceTree = SDKROOT; };
		29B97316FDCFA39411CA2CEA /* main.m */ = {isa = PBXFileReference; fileEncoding = 4; lastKnownFileType = sourcecode.c.objc; path = main.m; sourceTree = "<group>"; };
		32CA4F630368D1EE00C91783 /* Emo_iOS_Prefix.pch */ = {isa = PBXFileReference; fileEncoding = 4; lastKnownFileType = sourcecode.c.h; path = Emo_iOS_Prefix.pch; sourceTree = "<group>"; };
		8D1107310486CEB800E47090 /* Emo_iOS-Info.plist */ = {isa = PBXFileReference; fileEncoding = 4; lastKnownFileType = text.plist.xml; path = "Emo_iOS-Info.plist"; plistStructureDefinitionIdentifier = "com.apple.xcode.plist.structure-definition.iphone.info-plist"; sourceTree = "<group>"; };
		F937BBAD1331890D00DCE63B /* EmoEngine.h */ = {isa = PBXFileReference; fileEncoding = 4; lastKnownFileType = sourcecode.c.h; path = EmoEngine.h; sourceTree = "<group>"; };
		F937BBAE1331890D00DCE63B /* EmoEngine.m */ = {isa = PBXFileReference; fileEncoding = 4; lastKnownFileType = sourcecode.c.objc; path = EmoEngine.m; sourceTree = "<group>"; };
		F937BBB51331891900DCE63B /* sqstdaux.h */ = {isa = PBXFileReference; fileEncoding = 4; lastKnownFileType = sourcecode.c.h; path = sqstdaux.h; sourceTree = "<group>"; };
		F937BBB61331891900DCE63B /* sqstdblob.h */ = {isa = PBXFileReference; fileEncoding = 4; lastKnownFileType = sourcecode.c.h; path = sqstdblob.h; sourceTree = "<group>"; };
		F937BBB71331891900DCE63B /* sqstdio.h */ = {isa = PBXFileReference; fileEncoding = 4; lastKnownFileType = sourcecode.c.h; path = sqstdio.h; sourceTree = "<group>"; };
		F937BBB81331891900DCE63B /* sqstdmath.h */ = {isa = PBXFileReference; fileEncoding = 4; lastKnownFileType = sourcecode.c.h; path = sqstdmath.h; sourceTree = "<group>"; };
		F937BBB91331891900DCE63B /* sqstdstring.h */ = {isa = PBXFileReference; fileEncoding = 4; lastKnownFileType = sourcecode.c.h; path = sqstdstring.h; sourceTree = "<group>"; };
		F937BBBA1331891900DCE63B /* sqstdsystem.h */ = {isa = PBXFileReference; fileEncoding = 4; lastKnownFileType = sourcecode.c.h; path = sqstdsystem.h; sourceTree = "<group>"; };
		F937BBBB1331891900DCE63B /* squirrel.h */ = {isa = PBXFileReference; fileEncoding = 4; lastKnownFileType = sourcecode.c.h; path = squirrel.h; sourceTree = "<group>"; };
		F937BBBD1331891900DCE63B /* sqstdaux.cpp */ = {isa = PBXFileReference; fileEncoding = 4; lastKnownFileType = sourcecode.cpp.cpp; path = sqstdaux.cpp; sourceTree = "<group>"; };
		F937BBBE1331891900DCE63B /* sqstdblob.cpp */ = {isa = PBXFileReference; fileEncoding = 4; lastKnownFileType = sourcecode.cpp.cpp; path = sqstdblob.cpp; sourceTree = "<group>"; };
		F937BBBF1331891900DCE63B /* sqstdblobimpl.h */ = {isa = PBXFileReference; fileEncoding = 4; lastKnownFileType = sourcecode.c.h; path = sqstdblobimpl.h; sourceTree = "<group>"; };
		F937BBC01331891900DCE63B /* sqstdio.cpp */ = {isa = PBXFileReference; fileEncoding = 4; lastKnownFileType = sourcecode.cpp.cpp; path = sqstdio.cpp; sourceTree = "<group>"; };
		F937BBC11331891900DCE63B /* sqstdmath.cpp */ = {isa = PBXFileReference; fileEncoding = 4; lastKnownFileType = sourcecode.cpp.cpp; path = sqstdmath.cpp; sourceTree = "<group>"; };
		F937BBC21331891900DCE63B /* sqstdrex.cpp */ = {isa = PBXFileReference; fileEncoding = 4; lastKnownFileType = sourcecode.cpp.cpp; path = sqstdrex.cpp; sourceTree = "<group>"; };
		F937BBC31331891900DCE63B /* sqstdstream.cpp */ = {isa = PBXFileReference; fileEncoding = 4; lastKnownFileType = sourcecode.cpp.cpp; path = sqstdstream.cpp; sourceTree = "<group>"; };
		F937BBC41331891900DCE63B /* sqstdstream.h */ = {isa = PBXFileReference; fileEncoding = 4; lastKnownFileType = sourcecode.c.h; path = sqstdstream.h; sourceTree = "<group>"; };
		F937BBC51331891900DCE63B /* sqstdstring.cpp */ = {isa = PBXFileReference; fileEncoding = 4; lastKnownFileType = sourcecode.cpp.cpp; path = sqstdstring.cpp; sourceTree = "<group>"; };
		F937BBC61331891900DCE63B /* sqstdsystem.cpp */ = {isa = PBXFileReference; fileEncoding = 4; lastKnownFileType = sourcecode.cpp.cpp; path = sqstdsystem.cpp; sourceTree = "<group>"; };
		F937BBC81331891900DCE63B /* sqapi.cpp */ = {isa = PBXFileReference; fileEncoding = 4; lastKnownFileType = sourcecode.cpp.cpp; path = sqapi.cpp; sourceTree = "<group>"; };
		F937BBC91331891900DCE63B /* sqarray.h */ = {isa = PBXFileReference; fileEncoding = 4; lastKnownFileType = sourcecode.c.h; path = sqarray.h; sourceTree = "<group>"; };
		F937BBCA1331891900DCE63B /* sqbaselib.cpp */ = {isa = PBXFileReference; fileEncoding = 4; lastKnownFileType = sourcecode.cpp.cpp; path = sqbaselib.cpp; sourceTree = "<group>"; };
		F937BBCB1331891900DCE63B /* sqclass.cpp */ = {isa = PBXFileReference; fileEncoding = 4; lastKnownFileType = sourcecode.cpp.cpp; path = sqclass.cpp; sourceTree = "<group>"; };
		F937BBCC1331891900DCE63B /* sqclass.h */ = {isa = PBXFileReference; fileEncoding = 4; lastKnownFileType = sourcecode.c.h; path = sqclass.h; sourceTree = "<group>"; };
		F937BBCD1331891900DCE63B /* sqclosure.h */ = {isa = PBXFileReference; fileEncoding = 4; lastKnownFileType = sourcecode.c.h; path = sqclosure.h; sourceTree = "<group>"; };
		F937BBCE1331891900DCE63B /* sqcompiler.cpp */ = {isa = PBXFileReference; fileEncoding = 4; lastKnownFileType = sourcecode.cpp.cpp; path = sqcompiler.cpp; sourceTree = "<group>"; };
		F937BBCF1331891900DCE63B /* sqcompiler.h */ = {isa = PBXFileReference; fileEncoding = 4; lastKnownFileType = sourcecode.c.h; path = sqcompiler.h; sourceTree = "<group>"; };
		F937BBD01331891900DCE63B /* sqdebug.cpp */ = {isa = PBXFileReference; fileEncoding = 4; lastKnownFileType = sourcecode.cpp.cpp; path = sqdebug.cpp; sourceTree = "<group>"; };
		F937BBD11331891900DCE63B /* sqfuncproto.h */ = {isa = PBXFileReference; fileEncoding = 4; lastKnownFileType = sourcecode.c.h; path = sqfuncproto.h; sourceTree = "<group>"; };
		F937BBD21331891900DCE63B /* sqfuncstate.cpp */ = {isa = PBXFileReference; fileEncoding = 4; lastKnownFileType = sourcecode.cpp.cpp; path = sqfuncstate.cpp; sourceTree = "<group>"; };
		F937BBD31331891900DCE63B /* sqfuncstate.h */ = {isa = PBXFileReference; fileEncoding = 4; lastKnownFileType = sourcecode.c.h; path = sqfuncstate.h; sourceTree = "<group>"; };
		F937BBD41331891900DCE63B /* sqlexer.cpp */ = {isa = PBXFileReference; fileEncoding = 4; lastKnownFileType = sourcecode.cpp.cpp; path = sqlexer.cpp; sourceTree = "<group>"; };
		F937BBD51331891900DCE63B /* sqlexer.h */ = {isa = PBXFileReference; fileEncoding = 4; lastKnownFileType = sourcecode.c.h; path = sqlexer.h; sourceTree = "<group>"; };
		F937BBD61331891900DCE63B /* sqmem.cpp */ = {isa = PBXFileReference; fileEncoding = 4; lastKnownFileType = sourcecode.cpp.cpp; path = sqmem.cpp; sourceTree = "<group>"; };
		F937BBD71331891900DCE63B /* sqobject.cpp */ = {isa = PBXFileReference; fileEncoding = 4; lastKnownFileType = sourcecode.cpp.cpp; path = sqobject.cpp; sourceTree = "<group>"; };
		F937BBD81331891900DCE63B /* sqobject.h */ = {isa = PBXFileReference; fileEncoding = 4; lastKnownFileType = sourcecode.c.h; path = sqobject.h; sourceTree = "<group>"; };
		F937BBD91331891900DCE63B /* sqopcodes.h */ = {isa = PBXFileReference; fileEncoding = 4; lastKnownFileType = sourcecode.c.h; path = sqopcodes.h; sourceTree = "<group>"; };
		F937BBDA1331891900DCE63B /* sqpcheader.h */ = {isa = PBXFileReference; fileEncoding = 4; lastKnownFileType = sourcecode.c.h; path = sqpcheader.h; sourceTree = "<group>"; };
		F937BBDB1331891900DCE63B /* sqstate.cpp */ = {isa = PBXFileReference; fileEncoding = 4; lastKnownFileType = sourcecode.cpp.cpp; path = sqstate.cpp; sourceTree = "<group>"; };
		F937BBDC1331891900DCE63B /* sqstate.h */ = {isa = PBXFileReference; fileEncoding = 4; lastKnownFileType = sourcecode.c.h; path = sqstate.h; sourceTree = "<group>"; };
		F937BBDD1331891900DCE63B /* sqstring.h */ = {isa = PBXFileReference; fileEncoding = 4; lastKnownFileType = sourcecode.c.h; path = sqstring.h; sourceTree = "<group>"; };
		F937BBDE1331891900DCE63B /* sqtable.cpp */ = {isa = PBXFileReference; fileEncoding = 4; lastKnownFileType = sourcecode.cpp.cpp; path = sqtable.cpp; sourceTree = "<group>"; };
		F937BBDF1331891900DCE63B /* sqtable.h */ = {isa = PBXFileReference; fileEncoding = 4; lastKnownFileType = sourcecode.c.h; path = sqtable.h; sourceTree = "<group>"; };
		F937BBE01331891900DCE63B /* squserdata.h */ = {isa = PBXFileReference; fileEncoding = 4; lastKnownFileType = sourcecode.c.h; path = squserdata.h; sourceTree = "<group>"; };
		F937BBE11331891900DCE63B /* squtils.h */ = {isa = PBXFileReference; fileEncoding = 4; lastKnownFileType = sourcecode.c.h; path = squtils.h; sourceTree = "<group>"; };
		F937BBE21331891900DCE63B /* sqvm.cpp */ = {isa = PBXFileReference; fileEncoding = 4; lastKnownFileType = sourcecode.cpp.cpp; path = sqvm.cpp; sourceTree = "<group>"; };
		F937BBE31331891900DCE63B /* sqvm.h */ = {isa = PBXFileReference; fileEncoding = 4; lastKnownFileType = sourcecode.c.h; path = sqvm.h; sourceTree = "<group>"; };
		F93C58401343187A002C29E5 /* EmoAudio.h */ = {isa = PBXFileReference; fileEncoding = 4; lastKnownFileType = sourcecode.c.h; path = EmoAudio.h; sourceTree = "<group>"; };
		F93C58411343187A002C29E5 /* EmoAudio.m */ = {isa = PBXFileReference; fileEncoding = 4; lastKnownFileType = sourcecode.c.objc; path = EmoAudio.m; sourceTree = "<group>"; };
		F94593D81331935E00290114 /* EmoView.h */ = {isa = PBXFileReference; fileEncoding = 4; lastKnownFileType = sourcecode.c.h; path = EmoView.h; sourceTree = "<group>"; };
		F94593D91331935E00290114 /* EmoView.m */ = {isa = PBXFileReference; fileEncoding = 4; lastKnownFileType = sourcecode.c.objc; path = EmoView.m; sourceTree = "<group>"; };
		F94594201331975600290114 /* EmoViewController.h */ = {isa = PBXFileReference; fileEncoding = 4; lastKnownFileType = sourcecode.c.h; path = EmoViewController.h; sourceTree = "<group>"; };
		F94594211331975600290114 /* EmoViewController.m */ = {isa = PBXFileReference; fileEncoding = 4; lastKnownFileType = sourcecode.c.objc; path = EmoViewController.m; sourceTree = "<group>"; };
		F98526DE13874882007DD0CF /* block.png */ = {isa = PBXFileReference; lastKnownFileType = image.png; name = block.png; path = Resources/graphics/block.png; sourceTree = "<group>"; };
		F9B500AF13807682009BB773 /* physics.nut */ = {isa = PBXFileReference; fileEncoding = 4; lastKnownFileType = text; name = physics.nut; path = Resources/physics.nut; sourceTree = "<group>"; };
		F9C31C181345FC8600B066DC /* AudioToolbox.framework */ = {isa = PBXFileReference; lastKnownFileType = wrapper.framework; name = AudioToolbox.framework; path = System/Library/Frameworks/AudioToolbox.framework; sourceTree = SDKROOT; };
		F9C7DE4B134AB99E0053065E /* config.h */ = {isa = PBXFileReference; fileEncoding = 4; lastKnownFileType = sourcecode.c.h; name = config.h; path = libpng/config.h; sourceTree = "<group>"; };
		F9C7DE4D134AB99E0053065E /* png.c */ = {isa = PBXFileReference; fileEncoding = 4; lastKnownFileType = sourcecode.c.c; name = png.c; path = libpng/png.c; sourceTree = "<group>"; };
		F9C7DE4E134AB99E0053065E /* png.h */ = {isa = PBXFileReference; fileEncoding = 4; lastKnownFileType = sourcecode.c.h; name = png.h; path = libpng/png.h; sourceTree = "<group>"; };
		F9C7DE4F134AB99E0053065E /* pngconf.h */ = {isa = PBXFileReference; fileEncoding = 4; lastKnownFileType = sourcecode.c.h; name = pngconf.h; path = libpng/pngconf.h; sourceTree = "<group>"; };
		F9C7DE50134AB99E0053065E /* pngerror.c */ = {isa = PBXFileReference; fileEncoding = 4; lastKnownFileType = sourcecode.c.c; name = pngerror.c; path = libpng/pngerror.c; sourceTree = "<group>"; };
		F9C7DE51134AB99E0053065E /* pngget.c */ = {isa = PBXFileReference; fileEncoding = 4; lastKnownFileType = sourcecode.c.c; name = pngget.c; path = libpng/pngget.c; sourceTree = "<group>"; };
		F9C7DE52134AB99E0053065E /* pngmem.c */ = {isa = PBXFileReference; fileEncoding = 4; lastKnownFileType = sourcecode.c.c; name = pngmem.c; path = libpng/pngmem.c; sourceTree = "<group>"; };
		F9C7DE53134AB99E0053065E /* pngpread.c */ = {isa = PBXFileReference; fileEncoding = 4; lastKnownFileType = sourcecode.c.c; name = pngpread.c; path = libpng/pngpread.c; sourceTree = "<group>"; };
		F9C7DE54134AB99E0053065E /* pngpriv.h */ = {isa = PBXFileReference; fileEncoding = 4; lastKnownFileType = sourcecode.c.h; name = pngpriv.h; path = libpng/pngpriv.h; sourceTree = "<group>"; };
		F9C7DE55134AB99E0053065E /* pngread.c */ = {isa = PBXFileReference; fileEncoding = 4; lastKnownFileType = sourcecode.c.c; name = pngread.c; path = libpng/pngread.c; sourceTree = "<group>"; };
		F9C7DE56134AB99E0053065E /* pngrio.c */ = {isa = PBXFileReference; fileEncoding = 4; lastKnownFileType = sourcecode.c.c; name = pngrio.c; path = libpng/pngrio.c; sourceTree = "<group>"; };
		F9C7DE57134AB99E0053065E /* pngrtran.c */ = {isa = PBXFileReference; fileEncoding = 4; lastKnownFileType = sourcecode.c.c; name = pngrtran.c; path = libpng/pngrtran.c; sourceTree = "<group>"; };
		F9C7DE58134AB99F0053065E /* pngrutil.c */ = {isa = PBXFileReference; fileEncoding = 4; lastKnownFileType = sourcecode.c.c; name = pngrutil.c; path = libpng/pngrutil.c; sourceTree = "<group>"; };
		F9C7DE59134AB99F0053065E /* pngset.c */ = {isa = PBXFileReference; fileEncoding = 4; lastKnownFileType = sourcecode.c.c; name = pngset.c; path = libpng/pngset.c; sourceTree = "<group>"; };
		F9C7DE5A134AB99F0053065E /* pngtrans.c */ = {isa = PBXFileReference; fileEncoding = 4; lastKnownFileType = sourcecode.c.c; name = pngtrans.c; path = libpng/pngtrans.c; sourceTree = "<group>"; };
		F9C7DE5B134AB99F0053065E /* pngwio.c */ = {isa = PBXFileReference; fileEncoding = 4; lastKnownFileType = sourcecode.c.c; name = pngwio.c; path = libpng/pngwio.c; sourceTree = "<group>"; };
		F9C7DE5C134AB99F0053065E /* pngwrite.c */ = {isa = PBXFileReference; fileEncoding = 4; lastKnownFileType = sourcecode.c.c; name = pngwrite.c; path = libpng/pngwrite.c; sourceTree = "<group>"; };
		F9C7DE5D134AB99F0053065E /* pngwtran.c */ = {isa = PBXFileReference; fileEncoding = 4; lastKnownFileType = sourcecode.c.c; name = pngwtran.c; path = libpng/pngwtran.c; sourceTree = "<group>"; };
		F9C7DE5E134AB99F0053065E /* pngwutil.c */ = {isa = PBXFileReference; fileEncoding = 4; lastKnownFileType = sourcecode.c.c; name = pngwutil.c; path = libpng/pngwutil.c; sourceTree = "<group>"; };
		F9C7DE93134ABBDE0053065E /* libz.dylib */ = {isa = PBXFileReference; lastKnownFileType = "compiled.mach-o.dylib"; name = libz.dylib; path = usr/lib/libz.dylib; sourceTree = SDKROOT; };
		F9C7DEA8134ACAE90053065E /* EmoImage.h */ = {isa = PBXFileReference; fileEncoding = 4; lastKnownFileType = sourcecode.c.h; path = EmoImage.h; sourceTree = "<group>"; };
		F9C7DEA9134ACAE90053065E /* EmoImage.m */ = {isa = PBXFileReference; fileEncoding = 4; lastKnownFileType = sourcecode.c.objc; path = EmoImage.m; sourceTree = "<group>"; };
		F9C849CE133E09EB0095EA37 /* EmoDrawable.h */ = {isa = PBXFileReference; fileEncoding = 4; lastKnownFileType = sourcecode.c.h; path = EmoDrawable.h; sourceTree = "<group>"; };
		F9C849CF133E09EB0095EA37 /* EmoDrawable.m */ = {isa = PBXFileReference; fileEncoding = 4; lastKnownFileType = sourcecode.c.objc; path = EmoDrawable.m; sourceTree = "<group>"; };
		F9C8CE14138541310063D189 /* Physics_contact.h */ = {isa = PBXFileReference; fileEncoding = 4; lastKnownFileType = sourcecode.c.h; path = Physics_contact.h; sourceTree = "<group>"; };
		F9C8CE15138541310063D189 /* Physics_contact.cpp */ = {isa = PBXFileReference; fileEncoding = 4; lastKnownFileType = sourcecode.cpp.cpp; path = Physics_contact.cpp; sourceTree = "<group>"; };
		F9C8CE1D1385451D0063D189 /* Physics_util.h */ = {isa = PBXFileReference; fileEncoding = 4; lastKnownFileType = sourcecode.c.h; path = Physics_util.h; sourceTree = "<group>"; };
		F9C8CE1E1385451D0063D189 /* Physics_util.cpp */ = {isa = PBXFileReference; fileEncoding = 4; lastKnownFileType = sourcecode.cpp.cpp; path = Physics_util.cpp; sourceTree = "<group>"; };
		F9D00E50135D44CA00D51C64 /* VmFunc.h */ = {isa = PBXFileReference; fileEncoding = 4; lastKnownFileType = sourcecode.c.h; path = VmFunc.h; sourceTree = "<group>"; };
		F9D00E51135D44CA00D51C64 /* VmFunc.cpp */ = {isa = PBXFileReference; fileEncoding = 4; lastKnownFileType = sourcecode.cpp.cpp; path = VmFunc.cpp; sourceTree = "<group>"; };
		F9D00E56135D452C00D51C64 /* Constants.h */ = {isa = PBXFileReference; fileEncoding = 4; lastKnownFileType = sourcecode.c.h; path = Constants.h; sourceTree = "<group>"; };
		F9D00E57135D453B00D51C64 /* Util.cpp */ = {isa = PBXFileReference; fileEncoding = 4; lastKnownFileType = sourcecode.cpp.cpp; path = Util.cpp; sourceTree = "<group>"; };
		F9D00E5F135D463700D51C64 /* Util.h */ = {isa = PBXFileReference; fileEncoding = 4; lastKnownFileType = sourcecode.c.h; path = Util.h; sourceTree = "<group>"; };
		F9D00E9C135D48E800D51C64 /* EmoAudio_glue.h */ = {isa = PBXFileReference; fileEncoding = 4; lastKnownFileType = sourcecode.c.h; path = EmoAudio_glue.h; sourceTree = "<group>"; };
		F9D00E9D135D48E800D51C64 /* EmoAudio_glue.m */ = {isa = PBXFileReference; fileEncoding = 4; lastKnownFileType = sourcecode.c.objc; path = EmoAudio_glue.m; sourceTree = "<group>"; };
		F9D00E9E135D48E800D51C64 /* EmoDrawable_glue.h */ = {isa = PBXFileReference; fileEncoding = 4; lastKnownFileType = sourcecode.c.h; path = EmoDrawable_glue.h; sourceTree = "<group>"; };
		F9D00E9F135D48E800D51C64 /* EmoDrawable_glue.m */ = {isa = PBXFileReference; fileEncoding = 4; lastKnownFileType = sourcecode.c.objc; path = EmoDrawable_glue.m; sourceTree = "<group>"; };
		F9D00EA0135D48E800D51C64 /* EmoEngine_glue.h */ = {isa = PBXFileReference; fileEncoding = 4; lastKnownFileType = sourcecode.c.h; path = EmoEngine_glue.h; sourceTree = "<group>"; };
		F9D00EA1135D48E800D51C64 /* EmoEngine_glue.m */ = {isa = PBXFileReference; fileEncoding = 4; lastKnownFileType = sourcecode.c.objc; path = EmoEngine_glue.m; sourceTree = "<group>"; };
		F9D00EA2135D48E800D51C64 /* EmoRuntime.h */ = {isa = PBXFileReference; fileEncoding = 4; lastKnownFileType = sourcecode.c.h; path = EmoRuntime.h; sourceTree = "<group>"; };
		F9D00EA3135D48E800D51C64 /* EmoRuntime.m */ = {isa = PBXFileReference; explicitFileType = sourcecode.c.objc; fileEncoding = 4; path = EmoRuntime.m; sourceTree = "<group>"; };
		F9D1FD55136E3A0F0085D2BF /* EmoMapDrawable.h */ = {isa = PBXFileReference; fileEncoding = 4; lastKnownFileType = sourcecode.c.h; path = EmoMapDrawable.h; sourceTree = "<group>"; };
		F9D1FD56136E3A0F0085D2BF /* EmoMapDrawable.m */ = {isa = PBXFileReference; fileEncoding = 4; lastKnownFileType = sourcecode.c.objc; path = EmoMapDrawable.m; sourceTree = "<group>"; };
		F9D9235B137396A2001AA3E0 /* EmoDatabase.h */ = {isa = PBXFileReference; fileEncoding = 4; lastKnownFileType = sourcecode.c.h; path = EmoDatabase.h; sourceTree = "<group>"; };
		F9D9235C137396A2001AA3E0 /* EmoDatabase.m */ = {isa = PBXFileReference; fileEncoding = 4; lastKnownFileType = sourcecode.c.objc; path = EmoDatabase.m; sourceTree = "<group>"; };
		F9D9235E13739869001AA3E0 /* EmoDatabase_glue.h */ = {isa = PBXFileReference; fileEncoding = 4; lastKnownFileType = sourcecode.c.h; path = EmoDatabase_glue.h; sourceTree = "<group>"; };
		F9D9235F13739869001AA3E0 /* EmoDatabase_glue.m */ = {isa = PBXFileReference; fileEncoding = 4; lastKnownFileType = sourcecode.c.objc; path = EmoDatabase_glue.m; sourceTree = "<group>"; };
		F9D9239D1373D14A001AA3E0 /* libsqlite3.dylib */ = {isa = PBXFileReference; lastKnownFileType = "compiled.mach-o.dylib"; name = libsqlite3.dylib; path = usr/lib/libsqlite3.dylib; sourceTree = SDKROOT; };
		F9DB3708136E257C00340476 /* main.nut */ = {isa = PBXFileReference; fileEncoding = 4; lastKnownFileType = text; name = main.nut; path = Resources/main.nut; sourceTree = "<group>"; };
		F9DB3709136E257C00340476 /* runtime.nut */ = {isa = PBXFileReference; fileEncoding = 4; lastKnownFileType = text; name = runtime.nut; path = Resources/runtime.nut; sourceTree = "<group>"; };
		F9DF2BEB138007810057247A /* Box2D.h */ = {isa = PBXFileReference; fileEncoding = 4; lastKnownFileType = sourcecode.c.h; path = Box2D.h; sourceTree = "<group>"; };
		F9DF2BED138007810057247A /* b2BroadPhase.cpp */ = {isa = PBXFileReference; fileEncoding = 4; lastKnownFileType = sourcecode.cpp.cpp; path = b2BroadPhase.cpp; sourceTree = "<group>"; };
		F9DF2BEE138007810057247A /* b2BroadPhase.h */ = {isa = PBXFileReference; fileEncoding = 4; lastKnownFileType = sourcecode.c.h; path = b2BroadPhase.h; sourceTree = "<group>"; };
		F9DF2BEF138007810057247A /* b2CollideCircle.cpp */ = {isa = PBXFileReference; fileEncoding = 4; lastKnownFileType = sourcecode.cpp.cpp; path = b2CollideCircle.cpp; sourceTree = "<group>"; };
		F9DF2BF0138007810057247A /* b2CollidePolygon.cpp */ = {isa = PBXFileReference; fileEncoding = 4; lastKnownFileType = sourcecode.cpp.cpp; path = b2CollidePolygon.cpp; sourceTree = "<group>"; };
		F9DF2BF1138007810057247A /* b2Collision.cpp */ = {isa = PBXFileReference; fileEncoding = 4; lastKnownFileType = sourcecode.cpp.cpp; path = b2Collision.cpp; sourceTree = "<group>"; };
		F9DF2BF2138007810057247A /* b2Collision.h */ = {isa = PBXFileReference; fileEncoding = 4; lastKnownFileType = sourcecode.c.h; path = b2Collision.h; sourceTree = "<group>"; };
		F9DF2BF3138007810057247A /* b2Distance.cpp */ = {isa = PBXFileReference; fileEncoding = 4; lastKnownFileType = sourcecode.cpp.cpp; path = b2Distance.cpp; sourceTree = "<group>"; };
		F9DF2BF4138007810057247A /* b2Distance.h */ = {isa = PBXFileReference; fileEncoding = 4; lastKnownFileType = sourcecode.c.h; path = b2Distance.h; sourceTree = "<group>"; };
		F9DF2BF5138007810057247A /* b2DynamicTree.cpp */ = {isa = PBXFileReference; fileEncoding = 4; lastKnownFileType = sourcecode.cpp.cpp; path = b2DynamicTree.cpp; sourceTree = "<group>"; };
		F9DF2BF6138007810057247A /* b2DynamicTree.h */ = {isa = PBXFileReference; fileEncoding = 4; lastKnownFileType = sourcecode.c.h; path = b2DynamicTree.h; sourceTree = "<group>"; };
		F9DF2BF7138007810057247A /* b2TimeOfImpact.cpp */ = {isa = PBXFileReference; fileEncoding = 4; lastKnownFileType = sourcecode.cpp.cpp; path = b2TimeOfImpact.cpp; sourceTree = "<group>"; };
		F9DF2BF8138007810057247A /* b2TimeOfImpact.h */ = {isa = PBXFileReference; fileEncoding = 4; lastKnownFileType = sourcecode.c.h; path = b2TimeOfImpact.h; sourceTree = "<group>"; };
		F9DF2BFA138007810057247A /* b2CircleShape.cpp */ = {isa = PBXFileReference; fileEncoding = 4; lastKnownFileType = sourcecode.cpp.cpp; path = b2CircleShape.cpp; sourceTree = "<group>"; };
		F9DF2BFB138007810057247A /* b2CircleShape.h */ = {isa = PBXFileReference; fileEncoding = 4; lastKnownFileType = sourcecode.c.h; path = b2CircleShape.h; sourceTree = "<group>"; };
		F9DF2BFC138007810057247A /* b2PolygonShape.cpp */ = {isa = PBXFileReference; fileEncoding = 4; lastKnownFileType = sourcecode.cpp.cpp; path = b2PolygonShape.cpp; sourceTree = "<group>"; };
		F9DF2BFD138007810057247A /* b2PolygonShape.h */ = {isa = PBXFileReference; fileEncoding = 4; lastKnownFileType = sourcecode.c.h; path = b2PolygonShape.h; sourceTree = "<group>"; };
		F9DF2BFE138007810057247A /* b2Shape.h */ = {isa = PBXFileReference; fileEncoding = 4; lastKnownFileType = sourcecode.c.h; path = b2Shape.h; sourceTree = "<group>"; };
		F9DF2C00138007810057247A /* b2BlockAllocator.cpp */ = {isa = PBXFileReference; fileEncoding = 4; lastKnownFileType = sourcecode.cpp.cpp; path = b2BlockAllocator.cpp; sourceTree = "<group>"; };
		F9DF2C01138007810057247A /* b2BlockAllocator.h */ = {isa = PBXFileReference; fileEncoding = 4; lastKnownFileType = sourcecode.c.h; path = b2BlockAllocator.h; sourceTree = "<group>"; };
		F9DF2C02138007810057247A /* b2Math.cpp */ = {isa = PBXFileReference; fileEncoding = 4; lastKnownFileType = sourcecode.cpp.cpp; path = b2Math.cpp; sourceTree = "<group>"; };
		F9DF2C03138007810057247A /* b2Math.h */ = {isa = PBXFileReference; fileEncoding = 4; lastKnownFileType = sourcecode.c.h; path = b2Math.h; sourceTree = "<group>"; };
		F9DF2C04138007810057247A /* b2Settings.cpp */ = {isa = PBXFileReference; fileEncoding = 4; lastKnownFileType = sourcecode.cpp.cpp; path = b2Settings.cpp; sourceTree = "<group>"; };
		F9DF2C05138007810057247A /* b2Settings.h */ = {isa = PBXFileReference; fileEncoding = 4; lastKnownFileType = sourcecode.c.h; path = b2Settings.h; sourceTree = "<group>"; };
		F9DF2C06138007810057247A /* b2StackAllocator.cpp */ = {isa = PBXFileReference; fileEncoding = 4; lastKnownFileType = sourcecode.cpp.cpp; path = b2StackAllocator.cpp; sourceTree = "<group>"; };
		F9DF2C07138007810057247A /* b2StackAllocator.h */ = {isa = PBXFileReference; fileEncoding = 4; lastKnownFileType = sourcecode.c.h; path = b2StackAllocator.h; sourceTree = "<group>"; };
		F9DF2C09138007810057247A /* b2Body.cpp */ = {isa = PBXFileReference; fileEncoding = 4; lastKnownFileType = sourcecode.cpp.cpp; path = b2Body.cpp; sourceTree = "<group>"; };
		F9DF2C0A138007810057247A /* b2Body.h */ = {isa = PBXFileReference; fileEncoding = 4; lastKnownFileType = sourcecode.c.h; path = b2Body.h; sourceTree = "<group>"; };
		F9DF2C0B138007810057247A /* b2ContactManager.cpp */ = {isa = PBXFileReference; fileEncoding = 4; lastKnownFileType = sourcecode.cpp.cpp; path = b2ContactManager.cpp; sourceTree = "<group>"; };
		F9DF2C0C138007810057247A /* b2ContactManager.h */ = {isa = PBXFileReference; fileEncoding = 4; lastKnownFileType = sourcecode.c.h; path = b2ContactManager.h; sourceTree = "<group>"; };
		F9DF2C0D138007810057247A /* b2Fixture.cpp */ = {isa = PBXFileReference; fileEncoding = 4; lastKnownFileType = sourcecode.cpp.cpp; path = b2Fixture.cpp; sourceTree = "<group>"; };
		F9DF2C0E138007810057247A /* b2Fixture.h */ = {isa = PBXFileReference; fileEncoding = 4; lastKnownFileType = sourcecode.c.h; path = b2Fixture.h; sourceTree = "<group>"; };
		F9DF2C0F138007810057247A /* b2Island.cpp */ = {isa = PBXFileReference; fileEncoding = 4; lastKnownFileType = sourcecode.cpp.cpp; path = b2Island.cpp; sourceTree = "<group>"; };
		F9DF2C10138007810057247A /* b2Island.h */ = {isa = PBXFileReference; fileEncoding = 4; lastKnownFileType = sourcecode.c.h; path = b2Island.h; sourceTree = "<group>"; };
		F9DF2C11138007810057247A /* b2TimeStep.h */ = {isa = PBXFileReference; fileEncoding = 4; lastKnownFileType = sourcecode.c.h; path = b2TimeStep.h; sourceTree = "<group>"; };
		F9DF2C12138007810057247A /* b2World.cpp */ = {isa = PBXFileReference; fileEncoding = 4; lastKnownFileType = sourcecode.cpp.cpp; path = b2World.cpp; sourceTree = "<group>"; };
		F9DF2C13138007810057247A /* b2World.h */ = {isa = PBXFileReference; fileEncoding = 4; lastKnownFileType = sourcecode.c.h; path = b2World.h; sourceTree = "<group>"; };
		F9DF2C14138007810057247A /* b2WorldCallbacks.cpp */ = {isa = PBXFileReference; fileEncoding = 4; lastKnownFileType = sourcecode.cpp.cpp; path = b2WorldCallbacks.cpp; sourceTree = "<group>"; };
		F9DF2C15138007810057247A /* b2WorldCallbacks.h */ = {isa = PBXFileReference; fileEncoding = 4; lastKnownFileType = sourcecode.c.h; path = b2WorldCallbacks.h; sourceTree = "<group>"; };
		F9DF2C17138007810057247A /* b2CircleContact.cpp */ = {isa = PBXFileReference; fileEncoding = 4; lastKnownFileType = sourcecode.cpp.cpp; path = b2CircleContact.cpp; sourceTree = "<group>"; };
		F9DF2C18138007810057247A /* b2CircleContact.h */ = {isa = PBXFileReference; fileEncoding = 4; lastKnownFileType = sourcecode.c.h; path = b2CircleContact.h; sourceTree = "<group>"; };
		F9DF2C19138007810057247A /* b2Contact.cpp */ = {isa = PBXFileReference; fileEncoding = 4; lastKnownFileType = sourcecode.cpp.cpp; path = b2Contact.cpp; sourceTree = "<group>"; };
		F9DF2C1A138007810057247A /* b2Contact.h */ = {isa = PBXFileReference; fileEncoding = 4; lastKnownFileType = sourcecode.c.h; path = b2Contact.h; sourceTree = "<group>"; };
		F9DF2C1B138007810057247A /* b2ContactSolver.cpp */ = {isa = PBXFileReference; fileEncoding = 4; lastKnownFileType = sourcecode.cpp.cpp; path = b2ContactSolver.cpp; sourceTree = "<group>"; };
		F9DF2C1C138007810057247A /* b2ContactSolver.h */ = {isa = PBXFileReference; fileEncoding = 4; lastKnownFileType = sourcecode.c.h; path = b2ContactSolver.h; sourceTree = "<group>"; };
		F9DF2C1D138007810057247A /* b2PolygonAndCircleContact.cpp */ = {isa = PBXFileReference; fileEncoding = 4; lastKnownFileType = sourcecode.cpp.cpp; path = b2PolygonAndCircleContact.cpp; sourceTree = "<group>"; };
		F9DF2C1E138007810057247A /* b2PolygonAndCircleContact.h */ = {isa = PBXFileReference; fileEncoding = 4; lastKnownFileType = sourcecode.c.h; path = b2PolygonAndCircleContact.h; sourceTree = "<group>"; };
		F9DF2C1F138007810057247A /* b2PolygonContact.cpp */ = {isa = PBXFileReference; fileEncoding = 4; lastKnownFileType = sourcecode.cpp.cpp; path = b2PolygonContact.cpp; sourceTree = "<group>"; };
		F9DF2C20138007810057247A /* b2PolygonContact.h */ = {isa = PBXFileReference; fileEncoding = 4; lastKnownFileType = sourcecode.c.h; path = b2PolygonContact.h; sourceTree = "<group>"; };
		F9DF2C21138007810057247A /* b2TOISolver.cpp */ = {isa = PBXFileReference; fileEncoding = 4; lastKnownFileType = sourcecode.cpp.cpp; path = b2TOISolver.cpp; sourceTree = "<group>"; };
		F9DF2C22138007810057247A /* b2TOISolver.h */ = {isa = PBXFileReference; fileEncoding = 4; lastKnownFileType = sourcecode.c.h; path = b2TOISolver.h; sourceTree = "<group>"; };
		F9DF2C24138007810057247A /* b2DistanceJoint.cpp */ = {isa = PBXFileReference; fileEncoding = 4; lastKnownFileType = sourcecode.cpp.cpp; path = b2DistanceJoint.cpp; sourceTree = "<group>"; };
		F9DF2C25138007810057247A /* b2DistanceJoint.h */ = {isa = PBXFileReference; fileEncoding = 4; lastKnownFileType = sourcecode.c.h; path = b2DistanceJoint.h; sourceTree = "<group>"; };
		F9DF2C26138007810057247A /* b2FrictionJoint.cpp */ = {isa = PBXFileReference; fileEncoding = 4; lastKnownFileType = sourcecode.cpp.cpp; path = b2FrictionJoint.cpp; sourceTree = "<group>"; };
		F9DF2C27138007810057247A /* b2FrictionJoint.h */ = {isa = PBXFileReference; fileEncoding = 4; lastKnownFileType = sourcecode.c.h; path = b2FrictionJoint.h; sourceTree = "<group>"; };
		F9DF2C28138007810057247A /* b2GearJoint.cpp */ = {isa = PBXFileReference; fileEncoding = 4; lastKnownFileType = sourcecode.cpp.cpp; path = b2GearJoint.cpp; sourceTree = "<group>"; };
		F9DF2C29138007810057247A /* b2GearJoint.h */ = {isa = PBXFileReference; fileEncoding = 4; lastKnownFileType = sourcecode.c.h; path = b2GearJoint.h; sourceTree = "<group>"; };
		F9DF2C2A138007810057247A /* b2Joint.cpp */ = {isa = PBXFileReference; fileEncoding = 4; lastKnownFileType = sourcecode.cpp.cpp; path = b2Joint.cpp; sourceTree = "<group>"; };
		F9DF2C2B138007810057247A /* b2Joint.h */ = {isa = PBXFileReference; fileEncoding = 4; lastKnownFileType = sourcecode.c.h; path = b2Joint.h; sourceTree = "<group>"; };
		F9DF2C2C138007810057247A /* b2LineJoint.cpp */ = {isa = PBXFileReference; fileEncoding = 4; lastKnownFileType = sourcecode.cpp.cpp; path = b2LineJoint.cpp; sourceTree = "<group>"; };
		F9DF2C2D138007810057247A /* b2LineJoint.h */ = {isa = PBXFileReference; fileEncoding = 4; lastKnownFileType = sourcecode.c.h; path = b2LineJoint.h; sourceTree = "<group>"; };
		F9DF2C2E138007810057247A /* b2MouseJoint.cpp */ = {isa = PBXFileReference; fileEncoding = 4; lastKnownFileType = sourcecode.cpp.cpp; path = b2MouseJoint.cpp; sourceTree = "<group>"; };
		F9DF2C2F138007810057247A /* b2MouseJoint.h */ = {isa = PBXFileReference; fileEncoding = 4; lastKnownFileType = sourcecode.c.h; path = b2MouseJoint.h; sourceTree = "<group>"; };
		F9DF2C30138007810057247A /* b2PrismaticJoint.cpp */ = {isa = PBXFileReference; fileEncoding = 4; lastKnownFileType = sourcecode.cpp.cpp; path = b2PrismaticJoint.cpp; sourceTree = "<group>"; };
		F9DF2C31138007810057247A /* b2PrismaticJoint.h */ = {isa = PBXFileReference; fileEncoding = 4; lastKnownFileType = sourcecode.c.h; path = b2PrismaticJoint.h; sourceTree = "<group>"; };
		F9DF2C32138007810057247A /* b2PulleyJoint.cpp */ = {isa = PBXFileReference; fileEncoding = 4; lastKnownFileType = sourcecode.cpp.cpp; path = b2PulleyJoint.cpp; sourceTree = "<group>"; };
		F9DF2C33138007810057247A /* b2PulleyJoint.h */ = {isa = PBXFileReference; fileEncoding = 4; lastKnownFileType = sourcecode.c.h; path = b2PulleyJoint.h; sourceTree = "<group>"; };
		F9DF2C34138007810057247A /* b2RevoluteJoint.cpp */ = {isa = PBXFileReference; fileEncoding = 4; lastKnownFileType = sourcecode.cpp.cpp; path = b2RevoluteJoint.cpp; sourceTree = "<group>"; };
		F9DF2C35138007810057247A /* b2RevoluteJoint.h */ = {isa = PBXFileReference; fileEncoding = 4; lastKnownFileType = sourcecode.c.h; path = b2RevoluteJoint.h; sourceTree = "<group>"; };
		F9DF2C36138007810057247A /* b2WeldJoint.cpp */ = {isa = PBXFileReference; fileEncoding = 4; lastKnownFileType = sourcecode.cpp.cpp; path = b2WeldJoint.cpp; sourceTree = "<group>"; };
		F9DF2C37138007810057247A /* b2WeldJoint.h */ = {isa = PBXFileReference; fileEncoding = 4; lastKnownFileType = sourcecode.c.h; path = b2WeldJoint.h; sourceTree = "<group>"; };
		F9DF2C6B138008B70057247A /* Physics_glue.h */ = {isa = PBXFileReference; fileEncoding = 4; lastKnownFileType = sourcecode.c.h; path = Physics_glue.h; sourceTree = "<group>"; };
		F9DF2C6C138008B70057247A /* Physics_glue.cpp */ = {isa = PBXFileReference; fileEncoding = 4; lastKnownFileType = sourcecode.cpp.cpp; path = Physics_glue.cpp; sourceTree = "<group>"; };
		F9DF2C6E138009670057247A /* EmoPhysics.h */ = {isa = PBXFileReference; fileEncoding = 4; lastKnownFileType = sourcecode.c.h; path = EmoPhysics.h; sourceTree = "<group>"; };
		F9DF2C6F138009670057247A /* EmoPhysics.m */ = {isa = PBXFileReference; explicitFileType = sourcecode.c.objc; fileEncoding = 4; path = EmoPhysics.m; sourceTree = "<group>"; };
		F9E41A42134494DE0009385D /* OpenAL.framework */ = {isa = PBXFileReference; lastKnownFileType = wrapper.framework; name = OpenAL.framework; path = System/Library/Frameworks/OpenAL.framework; sourceTree = SDKROOT; };
		F9E8BD7D138A0523000C961E /* blocks.png */ = {isa = PBXFileReference; lastKnownFileType = image.png; name = blocks.png; path = Resources/graphics/blocks.png; sourceTree = "<group>"; };
		F9F89ECB1350218C00B005AF /* EmoStage.h */ = {isa = PBXFileReference; fileEncoding = 4; lastKnownFileType = sourcecode.c.h; path = EmoStage.h; sourceTree = "<group>"; };
		F9F89ECC1350218C00B005AF /* EmoStage.m */ = {isa = PBXFileReference; fileEncoding = 4; lastKnownFileType = sourcecode.c.objc; path = EmoStage.m; sourceTree = "<group>"; };
/* End PBXFileReference section */

/* Begin PBXFrameworksBuildPhase section */
		1D60588F0D05DD3D006BFB54 /* Frameworks */ = {
			isa = PBXFrameworksBuildPhase;
			buildActionMask = 2147483647;
			files = (
				1D60589F0D05DD5A006BFB54 /* Foundation.framework in Frameworks */,
				1DF5F4E00D08C38300B7A737 /* UIKit.framework in Frameworks */,
				28FD15000DC6FC520079059D /* OpenGLES.framework in Frameworks */,
				28FD15080DC6FC5B0079059D /* QuartzCore.framework in Frameworks */,
				F9E41A43134494DE0009385D /* OpenAL.framework in Frameworks */,
				F9C31C191345FC8600B066DC /* AudioToolbox.framework in Frameworks */,
				F9C7DE94134ABBDE0053065E /* libz.dylib in Frameworks */,
				F9D9239E1373D14A001AA3E0 /* libsqlite3.dylib in Frameworks */,
			);
			runOnlyForDeploymentPostprocessing = 0;
		};
/* End PBXFrameworksBuildPhase section */

/* Begin PBXGroup section */
		080E96DDFE201D6D7F000001 /* Classes */ = {
			isa = PBXGroup;
			children = (
				F9DF2BEA138007810057247A /* Box2D */,
				F9C7DE4A134AB97E0053065E /* libpng */,
				F937BBB31331891900DCE63B /* squirrel */,
				F937BBAB1331890D00DCE63B /* emo */,
				1D3623240D0F684500981E51 /* Emo_iOSAppDelegate.h */,
				1D3623250D0F684500981E51 /* Emo_iOSAppDelegate.m */,
			);
			path = Classes;
			sourceTree = "<group>";
		};
		19C28FACFE9D520D11CA2CBB /* Products */ = {
			isa = PBXGroup;
			children = (
				1D6058910D05DD3D006BFB54 /* Emo-iOS.app */,
			);
			name = Products;
			sourceTree = "<group>";
		};
		29B97314FDCFA39411CA2CEA /* CustomTemplate */ = {
			isa = PBXGroup;
			children = (
				080E96DDFE201D6D7F000001 /* Classes */,
				29B97315FDCFA39411CA2CEA /* Other Sources */,
				29B97317FDCFA39411CA2CEA /* Resources */,
				29B97323FDCFA39411CA2CEA /* Frameworks */,
				19C28FACFE9D520D11CA2CBB /* Products */,
			);
			name = CustomTemplate;
			sourceTree = "<group>";
		};
		29B97315FDCFA39411CA2CEA /* Other Sources */ = {
			isa = PBXGroup;
			children = (
				32CA4F630368D1EE00C91783 /* Emo_iOS_Prefix.pch */,
				29B97316FDCFA39411CA2CEA /* main.m */,
			);
			name = "Other Sources";
			sourceTree = "<group>";
		};
		29B97317FDCFA39411CA2CEA /* Resources */ = {
			isa = PBXGroup;
			children = (
				F9DB3708136E257C00340476 /* main.nut */,
				F9DB3709136E257C00340476 /* runtime.nut */,
				F9B500AF13807682009BB773 /* physics.nut */,
				F9C350E913610E5500B21AE9 /* sounds */,
				F9C350E813610E4C00B21AE9 /* graphics */,
				8D1107310486CEB800E47090 /* Emo_iOS-Info.plist */,
			);
			name = Resources;
			sourceTree = "<group>";
		};
		29B97323FDCFA39411CA2CEA /* Frameworks */ = {
			isa = PBXGroup;
			children = (
				28FD15070DC6FC5B0079059D /* QuartzCore.framework */,
				28FD14FF0DC6FC520079059D /* OpenGLES.framework */,
				1DF5F4DF0D08C38300B7A737 /* UIKit.framework */,
				1D30AB110D05D00D00671497 /* Foundation.framework */,
				F9E41A42134494DE0009385D /* OpenAL.framework */,
				F9C31C181345FC8600B066DC /* AudioToolbox.framework */,
				F9C7DE93134ABBDE0053065E /* libz.dylib */,
				F9D9239D1373D14A001AA3E0 /* libsqlite3.dylib */,
			);
			name = Frameworks;
			sourceTree = "<group>";
		};
		F937BBAB1331890D00DCE63B /* emo */ = {
			isa = PBXGroup;
			children = (
				F9C7DE9F134ACA920053065E /* common */,
				F94594201331975600290114 /* EmoViewController.h */,
				F94594211331975600290114 /* EmoViewController.m */,
				F94593D81331935E00290114 /* EmoView.h */,
				F94593D91331935E00290114 /* EmoView.m */,
				F937BBAD1331890D00DCE63B /* EmoEngine.h */,
				F937BBAE1331890D00DCE63B /* EmoEngine.m */,
				F9C849CE133E09EB0095EA37 /* EmoDrawable.h */,
				F9C849CF133E09EB0095EA37 /* EmoDrawable.m */,
				F9D1FD55136E3A0F0085D2BF /* EmoMapDrawable.h */,
				F9D1FD56136E3A0F0085D2BF /* EmoMapDrawable.m */,
				F93C58401343187A002C29E5 /* EmoAudio.h */,
				F93C58411343187A002C29E5 /* EmoAudio.m */,
				F9C7DEA8134ACAE90053065E /* EmoImage.h */,
				F9C7DEA9134ACAE90053065E /* EmoImage.m */,
				F9F89ECB1350218C00B005AF /* EmoStage.h */,
				F9F89ECC1350218C00B005AF /* EmoStage.m */,
				F9D9235B137396A2001AA3E0 /* EmoDatabase.h */,
				F9D9235C137396A2001AA3E0 /* EmoDatabase.m */,
				F9DF2C6E138009670057247A /* EmoPhysics.h */,
				F9DF2C6F138009670057247A /* EmoPhysics.m */,
			);
			path = emo;
			sourceTree = "<group>";
		};
		F937BBB31331891900DCE63B /* squirrel */ = {
			isa = PBXGroup;
			children = (
				F937BBB41331891900DCE63B /* include */,
				F937BBBC1331891900DCE63B /* sqstdlib */,
				F937BBC71331891900DCE63B /* squirrel */,
			);
			path = squirrel;
			sourceTree = "<group>";
		};
		F937BBB41331891900DCE63B /* include */ = {
			isa = PBXGroup;
			children = (
				F937BBB51331891900DCE63B /* sqstdaux.h */,
				F937BBB61331891900DCE63B /* sqstdblob.h */,
				F937BBB71331891900DCE63B /* sqstdio.h */,
				F937BBB81331891900DCE63B /* sqstdmath.h */,
				F937BBB91331891900DCE63B /* sqstdstring.h */,
				F937BBBA1331891900DCE63B /* sqstdsystem.h */,
				F937BBBB1331891900DCE63B /* squirrel.h */,
			);
			path = include;
			sourceTree = "<group>";
		};
		F937BBBC1331891900DCE63B /* sqstdlib */ = {
			isa = PBXGroup;
			children = (
				F937BBBD1331891900DCE63B /* sqstdaux.cpp */,
				F937BBBE1331891900DCE63B /* sqstdblob.cpp */,
				F937BBBF1331891900DCE63B /* sqstdblobimpl.h */,
				F937BBC01331891900DCE63B /* sqstdio.cpp */,
				F937BBC11331891900DCE63B /* sqstdmath.cpp */,
				F937BBC21331891900DCE63B /* sqstdrex.cpp */,
				F937BBC31331891900DCE63B /* sqstdstream.cpp */,
				F937BBC41331891900DCE63B /* sqstdstream.h */,
				F937BBC51331891900DCE63B /* sqstdstring.cpp */,
				F937BBC61331891900DCE63B /* sqstdsystem.cpp */,
			);
			path = sqstdlib;
			sourceTree = "<group>";
		};
		F937BBC71331891900DCE63B /* squirrel */ = {
			isa = PBXGroup;
			children = (
				F937BBC81331891900DCE63B /* sqapi.cpp */,
				F937BBC91331891900DCE63B /* sqarray.h */,
				F937BBCA1331891900DCE63B /* sqbaselib.cpp */,
				F937BBCB1331891900DCE63B /* sqclass.cpp */,
				F937BBCC1331891900DCE63B /* sqclass.h */,
				F937BBCD1331891900DCE63B /* sqclosure.h */,
				F937BBCE1331891900DCE63B /* sqcompiler.cpp */,
				F937BBCF1331891900DCE63B /* sqcompiler.h */,
				F937BBD01331891900DCE63B /* sqdebug.cpp */,
				F937BBD11331891900DCE63B /* sqfuncproto.h */,
				F937BBD21331891900DCE63B /* sqfuncstate.cpp */,
				F937BBD31331891900DCE63B /* sqfuncstate.h */,
				F937BBD41331891900DCE63B /* sqlexer.cpp */,
				F937BBD51331891900DCE63B /* sqlexer.h */,
				F937BBD61331891900DCE63B /* sqmem.cpp */,
				F937BBD71331891900DCE63B /* sqobject.cpp */,
				F937BBD81331891900DCE63B /* sqobject.h */,
				F937BBD91331891900DCE63B /* sqopcodes.h */,
				F937BBDA1331891900DCE63B /* sqpcheader.h */,
				F937BBDB1331891900DCE63B /* sqstate.cpp */,
				F937BBDC1331891900DCE63B /* sqstate.h */,
				F937BBDD1331891900DCE63B /* sqstring.h */,
				F937BBDE1331891900DCE63B /* sqtable.cpp */,
				F937BBDF1331891900DCE63B /* sqtable.h */,
				F937BBE01331891900DCE63B /* squserdata.h */,
				F937BBE11331891900DCE63B /* squtils.h */,
				F937BBE21331891900DCE63B /* sqvm.cpp */,
				F937BBE31331891900DCE63B /* sqvm.h */,
			);
			path = squirrel;
			sourceTree = "<group>";
		};
		F9C350E813610E4C00B21AE9 /* graphics */ = {
			isa = PBXGroup;
			children = (
				F9E8BD7D138A0523000C961E /* blocks.png */,
				F98526DE13874882007DD0CF /* block.png */,
			);
			name = graphics;
			sourceTree = "<group>";
		};
		F9C350E913610E5500B21AE9 /* sounds */ = {
			isa = PBXGroup;
			children = (
			);
			name = sounds;
			sourceTree = "<group>";
		};
		F9C7DE4A134AB97E0053065E /* libpng */ = {
			isa = PBXGroup;
			children = (
				F9C7DE4B134AB99E0053065E /* config.h */,
				F9C7DE4D134AB99E0053065E /* png.c */,
				F9C7DE4E134AB99E0053065E /* png.h */,
				F9C7DE4F134AB99E0053065E /* pngconf.h */,
				F9C7DE50134AB99E0053065E /* pngerror.c */,
				F9C7DE51134AB99E0053065E /* pngget.c */,
				F9C7DE52134AB99E0053065E /* pngmem.c */,
				F9C7DE53134AB99E0053065E /* pngpread.c */,
				F9C7DE54134AB99E0053065E /* pngpriv.h */,
				F9C7DE55134AB99E0053065E /* pngread.c */,
				F9C7DE56134AB99E0053065E /* pngrio.c */,
				F9C7DE57134AB99E0053065E /* pngrtran.c */,
				F9C7DE58134AB99F0053065E /* pngrutil.c */,
				F9C7DE59134AB99F0053065E /* pngset.c */,
				F9C7DE5A134AB99F0053065E /* pngtrans.c */,
				F9C7DE5B134AB99F0053065E /* pngwio.c */,
				F9C7DE5C134AB99F0053065E /* pngwrite.c */,
				F9C7DE5D134AB99F0053065E /* pngwtran.c */,
				F9C7DE5E134AB99F0053065E /* pngwutil.c */,
			);
			name = libpng;
			sourceTree = "<group>";
		};
		F9C7DE9F134ACA920053065E /* common */ = {
			isa = PBXGroup;
			children = (
				F9D00E5F135D463700D51C64 /* Util.h */,
				F9D00E57135D453B00D51C64 /* Util.cpp */,
				F9D00E56135D452C00D51C64 /* Constants.h */,
				F9D00E50135D44CA00D51C64 /* VmFunc.h */,
				F9D00E51135D44CA00D51C64 /* VmFunc.cpp */,
				F9D00E9C135D48E800D51C64 /* EmoAudio_glue.h */,
				F9D00E9D135D48E800D51C64 /* EmoAudio_glue.m */,
				F9D00E9E135D48E800D51C64 /* EmoDrawable_glue.h */,
				F9D00E9F135D48E800D51C64 /* EmoDrawable_glue.m */,
				F9D00EA0135D48E800D51C64 /* EmoEngine_glue.h */,
				F9D00EA1135D48E800D51C64 /* EmoEngine_glue.m */,
				F9D00EA2135D48E800D51C64 /* EmoRuntime.h */,
				F9D00EA3135D48E800D51C64 /* EmoRuntime.m */,
				F9D9235E13739869001AA3E0 /* EmoDatabase_glue.h */,
				F9D9235F13739869001AA3E0 /* EmoDatabase_glue.m */,
				F9DF2C6B138008B70057247A /* Physics_glue.h */,
				F9DF2C6C138008B70057247A /* Physics_glue.cpp */,
				F9C8CE14138541310063D189 /* Physics_contact.h */,
				F9C8CE15138541310063D189 /* Physics_contact.cpp */,
				F9C8CE1D1385451D0063D189 /* Physics_util.h */,
				F9C8CE1E1385451D0063D189 /* Physics_util.cpp */,
			);
			name = common;
			sourceTree = "<group>";
		};
		F9DF2BEA138007810057247A /* Box2D */ = {
			isa = PBXGroup;
			children = (
				F9DF2BEB138007810057247A /* Box2D.h */,
				F9DF2BEC138007810057247A /* Collision */,
				F9DF2BFF138007810057247A /* Common */,
				F9DF2C08138007810057247A /* Dynamics */,
			);
			path = Box2D;
			sourceTree = "<group>";
		};
		F9DF2BEC138007810057247A /* Collision */ = {
			isa = PBXGroup;
			children = (
				F9DF2BED138007810057247A /* b2BroadPhase.cpp */,
				F9DF2BEE138007810057247A /* b2BroadPhase.h */,
				F9DF2BEF138007810057247A /* b2CollideCircle.cpp */,
				F9DF2BF0138007810057247A /* b2CollidePolygon.cpp */,
				F9DF2BF1138007810057247A /* b2Collision.cpp */,
				F9DF2BF2138007810057247A /* b2Collision.h */,
				F9DF2BF3138007810057247A /* b2Distance.cpp */,
				F9DF2BF4138007810057247A /* b2Distance.h */,
				F9DF2BF5138007810057247A /* b2DynamicTree.cpp */,
				F9DF2BF6138007810057247A /* b2DynamicTree.h */,
				F9DF2BF7138007810057247A /* b2TimeOfImpact.cpp */,
				F9DF2BF8138007810057247A /* b2TimeOfImpact.h */,
				F9DF2BF9138007810057247A /* Shapes */,
			);
			path = Collision;
			sourceTree = "<group>";
		};
		F9DF2BF9138007810057247A /* Shapes */ = {
			isa = PBXGroup;
			children = (
				F9DF2BFA138007810057247A /* b2CircleShape.cpp */,
				F9DF2BFB138007810057247A /* b2CircleShape.h */,
				F9DF2BFC138007810057247A /* b2PolygonShape.cpp */,
				F9DF2BFD138007810057247A /* b2PolygonShape.h */,
				F9DF2BFE138007810057247A /* b2Shape.h */,
			);
			path = Shapes;
			sourceTree = "<group>";
		};
		F9DF2BFF138007810057247A /* Common */ = {
			isa = PBXGroup;
			children = (
				F9DF2C00138007810057247A /* b2BlockAllocator.cpp */,
				F9DF2C01138007810057247A /* b2BlockAllocator.h */,
				F9DF2C02138007810057247A /* b2Math.cpp */,
				F9DF2C03138007810057247A /* b2Math.h */,
				F9DF2C04138007810057247A /* b2Settings.cpp */,
				F9DF2C05138007810057247A /* b2Settings.h */,
				F9DF2C06138007810057247A /* b2StackAllocator.cpp */,
				F9DF2C07138007810057247A /* b2StackAllocator.h */,
			);
			path = Common;
			sourceTree = "<group>";
		};
		F9DF2C08138007810057247A /* Dynamics */ = {
			isa = PBXGroup;
			children = (
				F9DF2C09138007810057247A /* b2Body.cpp */,
				F9DF2C0A138007810057247A /* b2Body.h */,
				F9DF2C0B138007810057247A /* b2ContactManager.cpp */,
				F9DF2C0C138007810057247A /* b2ContactManager.h */,
				F9DF2C0D138007810057247A /* b2Fixture.cpp */,
				F9DF2C0E138007810057247A /* b2Fixture.h */,
				F9DF2C0F138007810057247A /* b2Island.cpp */,
				F9DF2C10138007810057247A /* b2Island.h */,
				F9DF2C11138007810057247A /* b2TimeStep.h */,
				F9DF2C12138007810057247A /* b2World.cpp */,
				F9DF2C13138007810057247A /* b2World.h */,
				F9DF2C14138007810057247A /* b2WorldCallbacks.cpp */,
				F9DF2C15138007810057247A /* b2WorldCallbacks.h */,
				F9DF2C16138007810057247A /* Contacts */,
				F9DF2C23138007810057247A /* Joints */,
			);
			path = Dynamics;
			sourceTree = "<group>";
		};
		F9DF2C16138007810057247A /* Contacts */ = {
			isa = PBXGroup;
			children = (
				F9DF2C17138007810057247A /* b2CircleContact.cpp */,
				F9DF2C18138007810057247A /* b2CircleContact.h */,
				F9DF2C19138007810057247A /* b2Contact.cpp */,
				F9DF2C1A138007810057247A /* b2Contact.h */,
				F9DF2C1B138007810057247A /* b2ContactSolver.cpp */,
				F9DF2C1C138007810057247A /* b2ContactSolver.h */,
				F9DF2C1D138007810057247A /* b2PolygonAndCircleContact.cpp */,
				F9DF2C1E138007810057247A /* b2PolygonAndCircleContact.h */,
				F9DF2C1F138007810057247A /* b2PolygonContact.cpp */,
				F9DF2C20138007810057247A /* b2PolygonContact.h */,
				F9DF2C21138007810057247A /* b2TOISolver.cpp */,
				F9DF2C22138007810057247A /* b2TOISolver.h */,
			);
			path = Contacts;
			sourceTree = "<group>";
		};
		F9DF2C23138007810057247A /* Joints */ = {
			isa = PBXGroup;
			children = (
				F9DF2C24138007810057247A /* b2DistanceJoint.cpp */,
				F9DF2C25138007810057247A /* b2DistanceJoint.h */,
				F9DF2C26138007810057247A /* b2FrictionJoint.cpp */,
				F9DF2C27138007810057247A /* b2FrictionJoint.h */,
				F9DF2C28138007810057247A /* b2GearJoint.cpp */,
				F9DF2C29138007810057247A /* b2GearJoint.h */,
				F9DF2C2A138007810057247A /* b2Joint.cpp */,
				F9DF2C2B138007810057247A /* b2Joint.h */,
				F9DF2C2C138007810057247A /* b2LineJoint.cpp */,
				F9DF2C2D138007810057247A /* b2LineJoint.h */,
				F9DF2C2E138007810057247A /* b2MouseJoint.cpp */,
				F9DF2C2F138007810057247A /* b2MouseJoint.h */,
				F9DF2C30138007810057247A /* b2PrismaticJoint.cpp */,
				F9DF2C31138007810057247A /* b2PrismaticJoint.h */,
				F9DF2C32138007810057247A /* b2PulleyJoint.cpp */,
				F9DF2C33138007810057247A /* b2PulleyJoint.h */,
				F9DF2C34138007810057247A /* b2RevoluteJoint.cpp */,
				F9DF2C35138007810057247A /* b2RevoluteJoint.h */,
				F9DF2C36138007810057247A /* b2WeldJoint.cpp */,
				F9DF2C37138007810057247A /* b2WeldJoint.h */,
			);
			path = Joints;
			sourceTree = "<group>";
		};
/* End PBXGroup section */

/* Begin PBXNativeTarget section */
		1D6058900D05DD3D006BFB54 /* Emo-iOS */ = {
			isa = PBXNativeTarget;
			buildConfigurationList = 1D6058960D05DD3E006BFB54 /* Build configuration list for PBXNativeTarget "Emo-iOS" */;
			buildPhases = (
				1D60588D0D05DD3D006BFB54 /* Resources */,
				1D60588E0D05DD3D006BFB54 /* Sources */,
				1D60588F0D05DD3D006BFB54 /* Frameworks */,
			);
			buildRules = (
			);
			dependencies = (
			);
			name = "Emo-iOS";
			productName = "Emo-iOS";
			productReference = 1D6058910D05DD3D006BFB54 /* Emo-iOS.app */;
			productType = "com.apple.product-type.application";
		};
/* End PBXNativeTarget section */

/* Begin PBXProject section */
		29B97313FDCFA39411CA2CEA /* Project object */ = {
			isa = PBXProject;
			buildConfigurationList = C01FCF4E08A954540054247B /* Build configuration list for PBXProject "Emo-iOS" */;
			compatibilityVersion = "Xcode 3.1";
			developmentRegion = English;
			hasScannedForEncodings = 1;
			knownRegions = (
				English,
				Japanese,
				French,
				German,
			);
			mainGroup = 29B97314FDCFA39411CA2CEA /* CustomTemplate */;
			projectDirPath = "";
			projectRoot = "";
			targets = (
				1D6058900D05DD3D006BFB54 /* Emo-iOS */,
			);
		};
/* End PBXProject section */

/* Begin PBXResourcesBuildPhase section */
		1D60588D0D05DD3D006BFB54 /* Resources */ = {
			isa = PBXResourcesBuildPhase;
			buildActionMask = 2147483647;
			files = (
				F9DB370A136E257C00340476 /* main.nut in Resources */,
				F9DB370B136E257C00340476 /* runtime.nut in Resources */,
				F9B500CA13807A31009BB773 /* physics.nut in Resources */,
				F98526DF13874882007DD0CF /* block.png in Resources */,
				F9E8BD7E138A0523000C961E /* blocks.png in Resources */,
			);
			runOnlyForDeploymentPostprocessing = 0;
		};
/* End PBXResourcesBuildPhase section */

/* Begin PBXSourcesBuildPhase section */
		1D60588E0D05DD3D006BFB54 /* Sources */ = {
			isa = PBXSourcesBuildPhase;
			buildActionMask = 2147483647;
			files = (
				1D60589B0D05DD56006BFB54 /* main.m in Sources */,
				1D3623260D0F684500981E51 /* Emo_iOSAppDelegate.m in Sources */,
				F937BBB11331890D00DCE63B /* EmoEngine.m in Sources */,
				F937BBE41331891900DCE63B /* sqstdaux.cpp in Sources */,
				F937BBE51331891900DCE63B /* sqstdblob.cpp in Sources */,
				F937BBE61331891900DCE63B /* sqstdio.cpp in Sources */,
				F937BBE71331891900DCE63B /* sqstdmath.cpp in Sources */,
				F937BBE81331891900DCE63B /* sqstdrex.cpp in Sources */,
				F937BBE91331891900DCE63B /* sqstdstream.cpp in Sources */,
				F937BBEA1331891900DCE63B /* sqstdstring.cpp in Sources */,
				F937BBEB1331891900DCE63B /* sqstdsystem.cpp in Sources */,
				F937BBEC1331891900DCE63B /* sqapi.cpp in Sources */,
				F937BBED1331891900DCE63B /* sqbaselib.cpp in Sources */,
				F937BBEE1331891900DCE63B /* sqclass.cpp in Sources */,
				F937BBEF1331891900DCE63B /* sqcompiler.cpp in Sources */,
				F937BBF01331891900DCE63B /* sqdebug.cpp in Sources */,
				F937BBF11331891900DCE63B /* sqfuncstate.cpp in Sources */,
				F937BBF21331891900DCE63B /* sqlexer.cpp in Sources */,
				F937BBF31331891900DCE63B /* sqmem.cpp in Sources */,
				F937BBF41331891900DCE63B /* sqobject.cpp in Sources */,
				F937BBF51331891900DCE63B /* sqstate.cpp in Sources */,
				F937BBF61331891900DCE63B /* sqtable.cpp in Sources */,
				F937BBF71331891900DCE63B /* sqvm.cpp in Sources */,
				F94593DA1331935E00290114 /* EmoView.m in Sources */,
				F94594221331975600290114 /* EmoViewController.m in Sources */,
				F9C849D0133E09EB0095EA37 /* EmoDrawable.m in Sources */,
				F93C58421343187A002C29E5 /* EmoAudio.m in Sources */,
				F9C7DE60134AB99F0053065E /* png.c in Sources */,
				F9C7DE61134AB99F0053065E /* pngerror.c in Sources */,
				F9C7DE62134AB99F0053065E /* pngget.c in Sources */,
				F9C7DE63134AB99F0053065E /* pngmem.c in Sources */,
				F9C7DE64134AB99F0053065E /* pngpread.c in Sources */,
				F9C7DE65134AB99F0053065E /* pngread.c in Sources */,
				F9C7DE66134AB99F0053065E /* pngrio.c in Sources */,
				F9C7DE67134AB99F0053065E /* pngrtran.c in Sources */,
				F9C7DE68134AB99F0053065E /* pngrutil.c in Sources */,
				F9C7DE69134AB99F0053065E /* pngset.c in Sources */,
				F9C7DE6A134AB99F0053065E /* pngtrans.c in Sources */,
				F9C7DE6B134AB99F0053065E /* pngwio.c in Sources */,
				F9C7DE6C134AB99F0053065E /* pngwrite.c in Sources */,
				F9C7DE6D134AB99F0053065E /* pngwtran.c in Sources */,
				F9C7DE6E134AB99F0053065E /* pngwutil.c in Sources */,
				F9C7DEAA134ACAE90053065E /* EmoImage.m in Sources */,
				F9F89ECD1350218C00B005AF /* EmoStage.m in Sources */,
				F9D00E52135D44CA00D51C64 /* VmFunc.cpp in Sources */,
				F9D00E58135D453B00D51C64 /* Util.cpp in Sources */,
				F9D00EA4135D48E800D51C64 /* EmoAudio_glue.m in Sources */,
				F9D00EA5135D48E800D51C64 /* EmoDrawable_glue.m in Sources */,
				F9D00EA6135D48E800D51C64 /* EmoEngine_glue.m in Sources */,
				F9D00EA7135D48E800D51C64 /* EmoRuntime.m in Sources */,
				F9D1FD57136E3A0F0085D2BF /* EmoMapDrawable.m in Sources */,
				F9D9235D137396A2001AA3E0 /* EmoDatabase.m in Sources */,
				F9D9236013739869001AA3E0 /* EmoDatabase_glue.m in Sources */,
				F9DF2C38138007810057247A /* b2BroadPhase.cpp in Sources */,
				F9DF2C39138007810057247A /* b2CollideCircle.cpp in Sources */,
				F9DF2C3A138007810057247A /* b2CollidePolygon.cpp in Sources */,
				F9DF2C3B138007810057247A /* b2Collision.cpp in Sources */,
				F9DF2C3C138007810057247A /* b2Distance.cpp in Sources */,
				F9DF2C3D138007810057247A /* b2DynamicTree.cpp in Sources */,
				F9DF2C3E138007810057247A /* b2TimeOfImpact.cpp in Sources */,
				F9DF2C3F138007810057247A /* b2CircleShape.cpp in Sources */,
				F9DF2C40138007810057247A /* b2PolygonShape.cpp in Sources */,
				F9DF2C41138007810057247A /* b2BlockAllocator.cpp in Sources */,
				F9DF2C42138007810057247A /* b2Math.cpp in Sources */,
				F9DF2C43138007810057247A /* b2Settings.cpp in Sources */,
				F9DF2C44138007810057247A /* b2StackAllocator.cpp in Sources */,
				F9DF2C45138007810057247A /* b2Body.cpp in Sources */,
				F9DF2C46138007810057247A /* b2ContactManager.cpp in Sources */,
				F9DF2C47138007810057247A /* b2Fixture.cpp in Sources */,
				F9DF2C48138007810057247A /* b2Island.cpp in Sources */,
				F9DF2C49138007810057247A /* b2World.cpp in Sources */,
				F9DF2C4A138007810057247A /* b2WorldCallbacks.cpp in Sources */,
				F9DF2C4B138007810057247A /* b2CircleContact.cpp in Sources */,
				F9DF2C4C138007810057247A /* b2Contact.cpp in Sources */,
				F9DF2C4D138007810057247A /* b2ContactSolver.cpp in Sources */,
				F9DF2C4E138007810057247A /* b2PolygonAndCircleContact.cpp in Sources */,
				F9DF2C4F138007810057247A /* b2PolygonContact.cpp in Sources */,
				F9DF2C50138007810057247A /* b2TOISolver.cpp in Sources */,
				F9DF2C51138007810057247A /* b2DistanceJoint.cpp in Sources */,
				F9DF2C52138007810057247A /* b2FrictionJoint.cpp in Sources */,
				F9DF2C53138007810057247A /* b2GearJoint.cpp in Sources */,
				F9DF2C54138007810057247A /* b2Joint.cpp in Sources */,
				F9DF2C55138007810057247A /* b2LineJoint.cpp in Sources */,
				F9DF2C56138007810057247A /* b2MouseJoint.cpp in Sources */,
				F9DF2C57138007810057247A /* b2PrismaticJoint.cpp in Sources */,
				F9DF2C58138007810057247A /* b2PulleyJoint.cpp in Sources */,
				F9DF2C59138007810057247A /* b2RevoluteJoint.cpp in Sources */,
				F9DF2C5A138007810057247A /* b2WeldJoint.cpp in Sources */,
				F9DF2C6D138008B70057247A /* Physics_glue.cpp in Sources */,
				F9DF2C70138009670057247A /* EmoPhysics.m in Sources */,
				F9C8CE16138541310063D189 /* Physics_contact.cpp in Sources */,
				F9C8CE1F1385451D0063D189 /* Physics_util.cpp in Sources */,
			);
			runOnlyForDeploymentPostprocessing = 0;
		};
/* End PBXSourcesBuildPhase section */

/* Begin XCBuildConfiguration section */
		1D6058940D05DD3E006BFB54 /* Debug */ = {
			isa = XCBuildConfiguration;
			buildSettings = {
				ALWAYS_SEARCH_USER_PATHS = NO;
				COPY_PHASE_STRIP = NO;
				GCC_DYNAMIC_NO_PIC = NO;
				GCC_OPTIMIZATION_LEVEL = 0;
				GCC_PRECOMPILE_PREFIX_HEADER = YES;
				GCC_PREFIX_HEADER = Emo_iOS_Prefix.pch;
				"GCC_THUMB_SUPPORT[arch=armv6]" = "";
				INFOPLIST_FILE = "Emo_iOS-Info.plist";
				PRODUCT_NAME = "Emo-iOS";
			};
			name = Debug;
		};
		1D6058950D05DD3E006BFB54 /* Release */ = {
			isa = XCBuildConfiguration;
			buildSettings = {
				ALWAYS_SEARCH_USER_PATHS = NO;
				COPY_PHASE_STRIP = YES;
				GCC_PRECOMPILE_PREFIX_HEADER = YES;
				GCC_PREFIX_HEADER = Emo_iOS_Prefix.pch;
				"GCC_THUMB_SUPPORT[arch=armv6]" = "";
				INFOPLIST_FILE = "Emo_iOS-Info.plist";
				PRODUCT_NAME = "Emo-iOS";
				VALIDATE_PRODUCT = YES;
			};
			name = Release;
		};
		C01FCF4F08A954540054247B /* Debug */ = {
			isa = XCBuildConfiguration;
			buildSettings = {
				ARCHS = "$(ARCHS_STANDARD_32_BIT)";
				"CODE_SIGN_IDENTITY[sdk=iphoneos*]" = "iPhone Developer";
				COMPRESS_PNG_FILES = NO;
				GCC_C_LANGUAGE_STANDARD = c99;
				GCC_PREPROCESSOR_DEFINITIONS = DEBUG;
				GCC_WARN_ABOUT_RETURN_TYPE = YES;
				GCC_WARN_UNUSED_VARIABLE = YES;
				HEADER_SEARCH_PATHS = (
					Classes,
					Classes/libpng,
					Classes/emo,
					Classes/squirrel/include,
				);
				IPHONEOS_DEPLOYMENT_TARGET = 3.0;
				IPHONE_OPTIMIZE_OPTIONS = "-skip-PNGs";
				PREBINDING = NO;
				SDKROOT = iphoneos;
			};
			name = Debug;
		};
		C01FCF5008A954540054247B /* Release */ = {
			isa = XCBuildConfiguration;
			buildSettings = {
				ARCHS = "$(ARCHS_STANDARD_32_BIT)";
				"CODE_SIGN_IDENTITY[sdk=iphoneos*]" = "iPhone Developer";
				GCC_C_LANGUAGE_STANDARD = c99;
				GCC_WARN_ABOUT_RETURN_TYPE = YES;
				GCC_WARN_UNUSED_VARIABLE = YES;
				OTHER_CFLAGS = "-DNS_BLOCK_ASSERTIONS=1";
				PREBINDING = NO;
				SDKROOT = iphoneos;
			};
			name = Release;
		};
/* End XCBuildConfiguration section */

/* Begin XCConfigurationList section */
		1D6058960D05DD3E006BFB54 /* Build configuration list for PBXNativeTarget "Emo-iOS" */ = {
			isa = XCConfigurationList;
			buildConfigurations = (
				1D6058940D05DD3E006BFB54 /* Debug */,
				1D6058950D05DD3E006BFB54 /* Release */,
			);
			defaultConfigurationIsVisible = 0;
			defaultConfigurationName = Release;
		};
		C01FCF4E08A954540054247B /* Build configuration list for PBXProject "Emo-iOS" */ = {
			isa = XCConfigurationList;
			buildConfigurations = (
				C01FCF4F08A954540054247B /* Debug */,
				C01FCF5008A954540054247B /* Release */,
			);
			defaultConfigurationIsVisible = 0;
			defaultConfigurationName = Release;
		};
/* End XCConfigurationList section */
	};
	rootObject = 29B97313FDCFA39411CA2CEA /* Project object */;
}
